<?xml version="1.0" encoding="utf-8"?>
<Project ToolsVersion="4.0" xmlns="http://schemas.microsoft.com/developer/msbuild/2003">
  <ItemGroup>
    <Filter Include="Source Files">
      <UniqueIdentifier>{4FC737F1-C7A5-4376-A066-2A32D752A2FF}</UniqueIdentifier>
      <Extensions>cpp;c;cc;cxx;def;odl;idl;hpj;bat;asm;asmx</Extensions>
    </Filter>
    <Filter Include="Header Files">
      <UniqueIdentifier>{93995380-89BD-4b04-88EB-625FBE52EBFB}</UniqueIdentifier>
      <Extensions>h;hh;hpp;hxx;hm;inl;inc;xsd</Extensions>
    </Filter>
    <Filter Include="Resource Files">
      <UniqueIdentifier>{224f9baf-4d1f-4823-8c71-af835270db6c}</UniqueIdentifier>
    </Filter>
    <Filter Include="Source Files\navigation">
      <UniqueIdentifier>{1bc4a111-1053-493c-90e8-1b9643cee0df}</UniqueIdentifier>
    </Filter>
    <Filter Include="Header Files\navigation">
      <UniqueIdentifier>{d440266b-db3d-477a-9832-c87c1ddedceb}</UniqueIdentifier>
    </Filter>
  </ItemGroup>
  <ItemGroup>
    <ResourceCompile Include="eqnav.rc">
      <Filter>Resource Files</Filter>
    </ResourceCompile>
  </ItemGroup>
  <ItemGroup>
    <ClCompile Include="eqnav.cpp">
      <Filter>Source Files</Filter>
    </ClCompile>
    <ClCompile Include="pch.cpp">
      <Filter>Source Files</Filter>
    </ClCompile>
    <ClCompile Include="navigation\Source\SampleInterfaces.cpp">
      <Filter>Source Files\navigation</Filter>
    </ClCompile>
    <ClCompile Include="navigation\Source\SlideShow.cpp">
      <Filter>Source Files\navigation</Filter>
    </ClCompile>
    <ClCompile Include="navigation\Source\TestCase.cpp">
      <Filter>Source Files\navigation</Filter>
    </ClCompile>
    <ClCompile Include="navigation\Source\ValueHistory.cpp">
      <Filter>Source Files\navigation</Filter>
    </ClCompile>
    <ClCompile Include="navigation\Source\ChunkyTriMesh.cpp">
      <Filter>Source Files\navigation</Filter>
    </ClCompile>
    <ClCompile Include="navigation\Source\ConvexVolumeTool.cpp">
      <Filter>Source Files\navigation</Filter>
    </ClCompile>
    <ClCompile Include="navigation\Source\CrowdTool.cpp">
      <Filter>Source Files\navigation</Filter>
    </ClCompile>
    <ClCompile Include="navigation\Source\Filelist.cpp">
      <Filter>Source Files\navigation</Filter>
    </ClCompile>
    <ClCompile Include="navigation\Source\imgui.cpp">
      <Filter>Source Files\navigation</Filter>
    </ClCompile>
    <ClCompile Include="navigation\Source\imguiRenderGL.cpp">
      <Filter>Source Files\navigation</Filter>
    </ClCompile>
    <ClCompile Include="navigation\Source\InputGeom.cpp">
      <Filter>Source Files\navigation</Filter>
    </ClCompile>
    <ClCompile Include="navigation\Source\main.cpp">
      <Filter>Source Files\navigation</Filter>
    </ClCompile>
    <ClCompile Include="navigation\Source\MeshLoaderObj.cpp">
      <Filter>Source Files\navigation</Filter>
    </ClCompile>
    <ClCompile Include="navigation\Source\NavMeshPruneTool.cpp">
      <Filter>Source Files\navigation</Filter>
    </ClCompile>
    <ClCompile Include="navigation\Source\NavMeshTesterTool.cpp">
      <Filter>Source Files\navigation</Filter>
    </ClCompile>
    <ClCompile Include="navigation\Source\OffMeshConnectionTool.cpp">
      <Filter>Source Files\navigation</Filter>
    </ClCompile>
    <ClCompile Include="navigation\Source\PerfTimer.cpp">
      <Filter>Source Files\navigation</Filter>
    </ClCompile>
    <ClCompile Include="navigation\Source\Sample.cpp">
      <Filter>Source Files\navigation</Filter>
    </ClCompile>
    <ClCompile Include="navigation\Source\Sample_Debug.cpp">
      <Filter>Source Files\navigation</Filter>
    </ClCompile>
    <ClCompile Include="navigation\Source\Sample_SoloMesh.cpp">
      <Filter>Source Files\navigation</Filter>
    </ClCompile>
    <ClCompile Include="navigation\Source\Sample_TempObstacles.cpp">
      <Filter>Source Files\navigation</Filter>
    </ClCompile>
    <ClCompile Include="navigation\Source\Sample_TileMesh.cpp">
      <Filter>Source Files\navigation</Filter>
    </ClCompile>
  </ItemGroup>
  <ItemGroup>
    <ClInclude Include="pch.h">
      <Filter>Header Files</Filter>
    </ClInclude>
    <ClInclude Include="navigation\Include\ConvexVolumeTool.h">
      <Filter>Header Files\navigation</Filter>
    </ClInclude>
    <ClInclude Include="navigation\Include\CrowdTool.h">
      <Filter>Header Files\navigation</Filter>
    </ClInclude>
    <ClInclude Include="navigation\Include\Filelist.h">
      <Filter>Header Files\navigation</Filter>
    </ClInclude>
    <ClInclude Include="navigation\Include\imgui.h">
      <Filter>Header Files\navigation</Filter>
    </ClInclude>
    <ClInclude Include="navigation\Include\imguiRenderGL.h">
      <Filter>Header Files\navigation</Filter>
    </ClInclude>
    <ClInclude Include="navigation\Include\InputGeom.h">
      <Filter>Header Files\navigation</Filter>
    </ClInclude>
    <ClInclude Include="navigation\Include\MeshLoaderObj.h">
      <Filter>Header Files\navigation</Filter>
    </ClInclude>
    <ClInclude Include="navigation\Include\NavMeshPruneTool.h">
      <Filter>Header Files\navigation</Filter>
    </ClInclude>
    <ClInclude Include="navigation\Include\NavMeshTesterTool.h">
      <Filter>Header Files\navigation</Filter>
    </ClInclude>
    <ClInclude Include="navigation\Include\OffMeshConnectionTool.h">
      <Filter>Header Files\navigation</Filter>
    </ClInclude>
    <ClInclude Include="navigation\Include\PerfTimer.h">
      <Filter>Header Files\navigation</Filter>
    </ClInclude>
    <ClInclude Include="navigation\Include\Sample.h">
      <Filter>Header Files\navigation</Filter>
    </ClInclude>
    <ClInclude Include="navigation\Include\Sample_Debug.h">
      <Filter>Header Files\navigation</Filter>
    </ClInclude>
    <ClInclude Include="navigation\Include\Sample_SoloMesh.h">
      <Filter>Header Files\navigation</Filter>
    </ClInclude>
    <ClInclude Include="navigation\Include\Sample_TempObstacles.h">
      <Filter>Header Files\navigation</Filter>
    </ClInclude>
    <ClInclude Include="navigation\Include\Sample_TileMesh.h">
      <Filter>Header Files\navigation</Filter>
    </ClInclude>
    <ClInclude Include="navigation\Include\SampleInterfaces.h">
      <Filter>Header Files\navigation</Filter>
    </ClInclude>
    <ClInclude Include="navigation\Include\SDLMain.h">
      <Filter>Header Files\navigation</Filter>
    </ClInclude>
    <ClInclude Include="navigation\Include\SlideShow.h">
      <Filter>Header Files\navigation</Filter>
    </ClInclude>
    <ClInclude Include="navigation\Include\TestCase.h">
      <Filter>Header Files\navigation</Filter>
    </ClInclude>
    <ClInclude Include="navigation\Include\ValueHistory.h">
      <Filter>Header Files\navigation</Filter>
    </ClInclude>
    <ClInclude Include="navigation\Include\ChunkyTriMesh.h">
      <Filter>Header Files\navigation</Filter>
    </ClInclude>
  </ItemGroup>
</Project>