Microsoft Visual Studio Solution File, Format Version 12.00
# Visual Studio Version 17
VisualStudioVersion = 17.0.32112.339
MinimumVisualStudioVersion = 10.0.40219.1
Project("{8BC9CEB8-8B4A-11D0-8D11-00A0C91BC942}") = "MQ2Nav_MeshGenerator", "meshgen\MeshGenerator.vcxproj", "{0F4E974D-3E48-44F0-945E-90C97E1E254D}"
EndProject
Project("{2150E333-8FDC-42A3-9474-1A3956D46DE8}") = "MQ2Nav_Projects", "MQ2Nav_Projects", "{1C00A77D-99DC-4366-8569-E75827AAF729}"
EndProject
Project("{8BC9CEB8-8B4A-11D0-8D11-00A0C91BC942}") = "recast", "dependencies\recast\Recast.vcxproj", "{C8A45A79-5CFA-4D9C-987C-EACC4E59724C}"
EndProject
Project("{8BC9CEB8-8B4A-11D0-8D11-00A0C91BC942}") = "MQ2Nav", "plugin\MQ2Nav.vcxproj", "{115BC0F5-8702-4EC6-9724-D0FBE76D80CB}"
EndProject
Project("{2150E333-8FDC-42A3-9474-1A3956D46DE8}") = "contrib", "contrib", "{2884B755-835B-49DA-9E3F-E34AD401A5B9}"
EndProject
Project("{8BC9CEB8-8B4A-11D0-8D11-00A0C91BC942}") = "MQ2Nav_Common", "common\MQ2Nav_Common.vcxproj", "{45E99B43-F47B-4AAD-AC88-F95BF467F463}"
EndProject
Project("{8BC9CEB8-8B4A-11D0-8D11-00A0C91BC942}") = "MQ2Nav_ConsoleTool", "cli\MQ2Nav_ConsoleTool.vcxproj", "{A219F273-6B9D-4284-84F4-368539F0A9CF}"
EndProject
Project("{8BC9CEB8-8B4A-11D0-8D11-00A0C91BC942}") = "imgui", "..\..\src\imgui\imgui.vcxproj", "{1777E251-0F50-496A-B8C5-EC7F41A0B186}"
EndProject
Project("{8BC9CEB8-8B4A-11D0-8D11-00A0C91BC942}") = "zone-utilities", "dependencies\zone-utilities\zone-utilities.vcxproj", "{200FB60C-6C01-48A7-886A-8E3683EB21BC}"
EndProject
Global
	GlobalSection(SolutionConfigurationPlatforms) = preSolution
		Debug|Win32 = Debug|Win32
		Debug|x64 = Debug|x64
		Release|Win32 = Release|Win32
		Release|x64 = Release|x64
	EndGlobalSection
	GlobalSection(ProjectConfigurationPlatforms) = postSolution
		{0F4E974D-3E48-44F0-945E-90C97E1E254D}.Debug|Win32.ActiveCfg = Debug|x64
		{0F4E974D-3E48-44F0-945E-90C97E1E254D}.Debug|x64.ActiveCfg = Debug|x64
		{0F4E974D-3E48-44F0-945E-90C97E1E254D}.Debug|x64.Build.0 = Debug|x64
		{0F4E974D-3E48-44F0-945E-90C97E1E254D}.Release|Win32.ActiveCfg = Release|x64
		{0F4E974D-3E48-44F0-945E-90C97E1E254D}.Release|x64.ActiveCfg = Release|x64
		{0F4E974D-3E48-44F0-945E-90C97E1E254D}.Release|x64.Build.0 = Release|x64
		{C8A45A79-5CFA-4D9C-987C-EACC4E59724C}.Debug|Win32.ActiveCfg = Debug|Win32
		{C8A45A79-5CFA-4D9C-987C-EACC4E59724C}.Debug|Win32.Build.0 = Debug|Win32
		{C8A45A79-5CFA-4D9C-987C-EACC4E59724C}.Debug|x64.ActiveCfg = Debug|x64
		{C8A45A79-5CFA-4D9C-987C-EACC4E59724C}.Debug|x64.Build.0 = Debug|x64
		{C8A45A79-5CFA-4D9C-987C-EACC4E59724C}.Release|Win32.ActiveCfg = Release|Win32
		{C8A45A79-5CFA-4D9C-987C-EACC4E59724C}.Release|Win32.Build.0 = Release|Win32
		{C8A45A79-5CFA-4D9C-987C-EACC4E59724C}.Release|x64.ActiveCfg = Release|x64
		{C8A45A79-5CFA-4D9C-987C-EACC4E59724C}.Release|x64.Build.0 = Release|x64
		{115BC0F5-8702-4EC6-9724-D0FBE76D80CB}.Debug|Win32.ActiveCfg = Debug|Win32
		{115BC0F5-8702-4EC6-9724-D0FBE76D80CB}.Debug|Win32.Build.0 = Debug|Win32
		{115BC0F5-8702-4EC6-9724-D0FBE76D80CB}.Debug|x64.ActiveCfg = Debug|x64
		{115BC0F5-8702-4EC6-9724-D0FBE76D80CB}.Debug|x64.Build.0 = Debug|x64
		{115BC0F5-8702-4EC6-9724-D0FBE76D80CB}.Release|Win32.ActiveCfg = Release|Win32
		{115BC0F5-8702-4EC6-9724-D0FBE76D80CB}.Release|Win32.Build.0 = Release|Win32
		{115BC0F5-8702-4EC6-9724-D0FBE76D80CB}.Release|x64.ActiveCfg = Release|x64
		{115BC0F5-8702-4EC6-9724-D0FBE76D80CB}.Release|x64.Build.0 = Release|x64
		{45E99B43-F47B-4AAD-AC88-F95BF467F463}.Debug|Win32.ActiveCfg = Debug|Win32
		{45E99B43-F47B-4AAD-AC88-F95BF467F463}.Debug|Win32.Build.0 = Debug|Win32
		{45E99B43-F47B-4AAD-AC88-F95BF467F463}.Debug|x64.ActiveCfg = Debug|x64
		{45E99B43-F47B-4AAD-AC88-F95BF467F463}.Debug|x64.Build.0 = Debug|x64
		{45E99B43-F47B-4AAD-AC88-F95BF467F463}.Release|Win32.ActiveCfg = Release|Win32
		{45E99B43-F47B-4AAD-AC88-F95BF467F463}.Release|Win32.Build.0 = Release|Win32
		{45E99B43-F47B-4AAD-AC88-F95BF467F463}.Release|x64.ActiveCfg = Release|x64
		{45E99B43-F47B-4AAD-AC88-F95BF467F463}.Release|x64.Build.0 = Release|x64
		{A219F273-6B9D-4284-84F4-368539F0A9CF}.Debug|Win32.ActiveCfg = Debug|x64
		{A219F273-6B9D-4284-84F4-368539F0A9CF}.Debug|x64.ActiveCfg = Debug|x64
		{A219F273-6B9D-4284-84F4-368539F0A9CF}.Debug|x64.Build.0 = Debug|x64
		{A219F273-6B9D-4284-84F4-368539F0A9CF}.Release|Win32.ActiveCfg = Release|x64
		{A219F273-6B9D-4284-84F4-368539F0A9CF}.Release|x64.ActiveCfg = Release|x64
		{A219F273-6B9D-4284-84F4-368539F0A9CF}.Release|x64.Build.0 = Release|x64
		{1777E251-0F50-496A-B8C5-EC7F41A0B186}.Debug|Win32.ActiveCfg = Debug|x64
		{1777E251-0F50-496A-B8C5-EC7F41A0B186}.Debug|Win32.Build.0 = Debug|x64
		{1777E251-0F50-496A-B8C5-EC7F41A0B186}.Debug|x64.ActiveCfg = Debug|x64
		{1777E251-0F50-496A-B8C5-EC7F41A0B186}.Debug|x64.Build.0 = Debug|x64
		{1777E251-0F50-496A-B8C5-EC7F41A0B186}.Release|Win32.ActiveCfg = Release|x64
		{1777E251-0F50-496A-B8C5-EC7F41A0B186}.Release|Win32.Build.0 = Release|x64
		{1777E251-0F50-496A-B8C5-EC7F41A0B186}.Release|x64.ActiveCfg = Release|x64
		{1777E251-0F50-496A-B8C5-EC7F41A0B186}.Release|x64.Build.0 = Release|x64
		{200FB60C-6C01-48A7-886A-8E3683EB21BC}.Debug|Win32.ActiveCfg = Debug|Win32
		{200FB60C-6C01-48A7-886A-8E3683EB21BC}.Debug|Win32.Build.0 = Debug|Win32
		{200FB60C-6C01-48A7-886A-8E3683EB21BC}.Debug|x64.ActiveCfg = Debug|x64
		{200FB60C-6C01-48A7-886A-8E3683EB21BC}.Debug|x64.Build.0 = Debug|x64
		{200FB60C-6C01-48A7-886A-8E3683EB21BC}.Release|Win32.ActiveCfg = Release|Win32
		{200FB60C-6C01-48A7-886A-8E3683EB21BC}.Release|Win32.Build.0 = Release|Win32
		{200FB60C-6C01-48A7-886A-8E3683EB21BC}.Release|x64.ActiveCfg = Release|x64
		{200FB60C-6C01-48A7-886A-8E3683EB21BC}.Release|x64.Build.0 = Release|x64
	EndGlobalSection
	GlobalSection(SolutionProperties) = preSolution
		HideSolutionNode = FALSE
	EndGlobalSection
	GlobalSection(NestedProjects) = preSolution
		{0F4E974D-3E48-44F0-945E-90C97E1E254D} = {1C00A77D-99DC-4366-8569-E75827AAF729}
		{C8A45A79-5CFA-4D9C-987C-EACC4E59724C} = {2884B755-835B-49DA-9E3F-E34AD401A5B9}
		{115BC0F5-8702-4EC6-9724-D0FBE76D80CB} = {1C00A77D-99DC-4366-8569-E75827AAF729}
		{2884B755-835B-49DA-9E3F-E34AD401A5B9} = {1C00A77D-99DC-4366-8569-E75827AAF729}
		{45E99B43-F47B-4AAD-AC88-F95BF467F463} = {1C00A77D-99DC-4366-8569-E75827AAF729}
		{A219F273-6B9D-4284-84F4-368539F0A9CF} = {1C00A77D-99DC-4366-8569-E75827AAF729}
		{1777E251-0F50-496A-B8C5-EC7F41A0B186} = {2884B755-835B-49DA-9E3F-E34AD401A5B9}
		{200FB60C-6C01-48A7-886A-8E3683EB21BC} = {2884B755-835B-49DA-9E3F-E34AD401A5B9}
	EndGlobalSection
	GlobalSection(ExtensibilityGlobals) = postSolution
		SolutionGuid = {1498B1E1-4805-4819-A304-0BE8FDA62FD8}
	EndGlobalSection
EndGlobal
