<?xml version="1.0" encoding="utf-8"?>
<Project ToolsVersion="4.0" xmlns="http://schemas.microsoft.com/developer/msbuild/2003">
  <ItemGroup>
    <Filter Include="Source Files">
      <UniqueIdentifier>{886d9276-9e49-46b6-916d-1c686e0900c1}</UniqueIdentifier>
      <Extensions>cpp;c;cc;cxx;def;odl;idl;hpj;bat;asm;asmx</Extensions>
    </Filter>
    <Filter Include="Header Files">
      <UniqueIdentifier>{029c2c0d-43f2-4dd8-80b7-928ae31df7c2}</UniqueIdentifier>
      <Extensions>h;hh;hpp;hxx;hm;inl;inc;xsd</Extensions>
    </Filter>
    <Filter Include="Resource Files">
      <UniqueIdentifier>{55570512-5592-4def-ab72-e27b303cbb0f}</UniqueIdentifier>
    </Filter>
    <Filter Include="Header Files\EQDraw">
      <UniqueIdentifier>{f8722e89-cafe-4dce-a80a-5d787cb77796}</UniqueIdentifier>
    </Filter>
    <Filter Include="Source Files\EQDraw">
      <UniqueIdentifier>{3acbf2e7-77da-4598-9210-e737e0229b29}</UniqueIdentifier>
    </Filter>
  </ItemGroup>
  <ItemGroup>
    <None Include="..\Release\DoorAdjustments.txt">
      <Filter>Resource Files</Filter>
    </None>
    <None Include="..\Release\Zones.ini">
      <Filter>Resource Files</Filter>
    </None>
  </ItemGroup>
  <ItemGroup>
    <ClInclude Include="Interactions\EQDraw\Include\EQDraw.h">
      <Filter>Header Files\EQDraw</Filter>
    </ClInclude>
    <ClInclude Include="Interactions\EQDraw\Include\EQGraphics.h">
      <Filter>Header Files\EQDraw</Filter>
    </ClInclude>
    <ClInclude Include="meshext.h">
      <Filter>Header Files</Filter>
    </ClInclude>
    <ClInclude Include="resource1.h">
      <Filter>Header Files</Filter>
    </ClInclude>
    <ClInclude Include="imgui_impl_dx9.h">
      <Filter>Header Files</Filter>
    </ClInclude>
    <ClInclude Include="MQ2Nav_KeyBinds.h">
      <Filter>Header Files</Filter>
    </ClInclude>
    <ClInclude Include="MQ2Nav_Settings.h">
      <Filter>Header Files</Filter>
    </ClInclude>
    <ClInclude Include="MQ2Nav_Util.h">
      <Filter>Header Files</Filter>
    </ClInclude>
    <ClInclude Include="MQ2Nav_Waypoints.h">
      <Filter>Header Files</Filter>
    </ClInclude>
    <ClInclude Include="MQ2Navigation.h">
      <Filter>Header Files</Filter>
    </ClInclude>
    <ClInclude Include="MQ2Nav_Render.h">
      <Filter>Header Files</Filter>
    </ClInclude>
    <ClInclude Include="MQ2Nav_MeshLoader.h">
      <Filter>Header Files</Filter>
    </ClInclude>
  </ItemGroup>
  <ItemGroup>
    <ClCompile Include="meshext.c">
      <Filter>Source Files</Filter>
    </ClCompile>
    <ClCompile Include="Interactions\EQDraw\Source\EQDraw.cpp">
      <Filter>Source Files\EQDraw</Filter>
    </ClCompile>
    <ClCompile Include="imgui_impl_dx9.cpp">
      <Filter>Source Files</Filter>
    </ClCompile>
    <ClCompile Include="MQ2Nav_MeshLoader.cpp">
      <Filter>Source Files</Filter>
    </ClCompile>
    <ClCompile Include="MQ2Nav_Main.cpp">
      <Filter>Source Files</Filter>
    </ClCompile>
    <ClCompile Include="MQ2Nav_Render.cpp">
      <Filter>Source Files</Filter>
    </ClCompile>
    <ClCompile Include="MQ2Navigation.cpp">
      <Filter>Source Files</Filter>
    </ClCompile>
    <ClCompile Include="MQ2Nav_Settings.cpp">
      <Filter>Source Files</Filter>
    </ClCompile>
    <ClCompile Include="MQ2Nav_KeyBinds.cpp">
      <Filter>Source Files</Filter>
    </ClCompile>
    <ClCompile Include="MQ2Nav_Waypoints.cpp">
      <Filter>Source Files</Filter>
    </ClCompile>
  </ItemGroup>
  <ItemGroup>
    <ResourceCompile Include="MQ2Navigation1.rc">
      <Filter>Resource Files</Filter>
    </ResourceCompile>
  </ItemGroup>
  <ItemGroup>
    <Natvis Include="dependencies\glm\util\glm.natvis">
      <Filter>Resource Files</Filter>
    </Natvis>
  </ItemGroup>
</Project>