<?xml version="1.0" encoding="utf-8"?>
<Project ToolsVersion="4.0" xmlns="http://schemas.microsoft.com/developer/msbuild/2003">
  <ItemGroup>
    <Filter Include="Source Files">
      <UniqueIdentifier>{4FC737F1-C7A5-4376-A066-2A32D752A2FF}</UniqueIdentifier>
      <Extensions>cpp;c;cc;cxx;def;odl;idl;hpj;bat;asm;asmx</Extensions>
    </Filter>
    <Filter Include="Header Files">
      <UniqueIdentifier>{93995380-89BD-4b04-88EB-625FBE52EBFB}</UniqueIdentifier>
      <Extensions>h;hh;hpp;hxx;hm;inl;inc;xsd</Extensions>
    </Filter>
    <Filter Include="Resource Files">
      <UniqueIdentifier>{67DA6AB6-F800-4c08-8B7A-83BB121AAD01}</UniqueIdentifier>
      <Extensions>rc;ico;cur;bmp;dlg;rc2;rct;bin;rgs;gif;jpg;jpeg;jpe;resx;tiff;tif;png;wav;mfcribbon-ms</Extensions>
    </Filter>
  </ItemGroup>
  <ItemGroup>
    <ClInclude Include="eqglib\eqg_geometry.h">
      <Filter>Header Files</Filter>
    </ClInclude>
    <ClInclude Include="eqglib\eqg_loader.h">
      <Filter>Header Files</Filter>
    </ClInclude>
    <ClInclude Include="eqglib\eqg_material.h">
      <Filter>Header Files</Filter>
    </ClInclude>
    <ClInclude Include="eqglib\eqg_structs.h">
      <Filter>Header Files</Filter>
    </ClInclude>
    <ClInclude Include="eqglib\eqg_terrain.h">
      <Filter>Header Files</Filter>
    </ClInclude>
    <ClInclude Include="eqglib\light.h">
      <Filter>Header Files</Filter>
    </ClInclude>
    <ClInclude Include="eqglib\octree.h">
      <Filter>Header Files</Filter>
    </ClInclude>
    <ClInclude Include="eqglib\oriented_bounding_box.h">
      <Filter>Header Files</Filter>
    </ClInclude>
    <ClInclude Include="eqglib\archive.h">
      <Filter>Header Files</Filter>
    </ClInclude>
    <ClInclude Include="eqglib\pfs_crc.h">
      <Filter>Header Files</Filter>
    </ClInclude>
    <ClInclude Include="eqglib\placeable.h">
      <Filter>Header Files</Filter>
    </ClInclude>
    <ClInclude Include="eqglib\wld_loader.h">
      <Filter>Header Files</Filter>
    </ClInclude>
    <ClInclude Include="eqglib\s3d_types.h">
      <Filter>Header Files</Filter>
    </ClInclude>
    <ClInclude Include="eqglib\wld_fragment.h">
      <Filter>Header Files</Filter>
    </ClInclude>
    <ClInclude Include="eqglib\wld_structs.h">
      <Filter>Header Files</Filter>
    </ClInclude>
    <ClInclude Include="eqglib\buffer_reader.h">
      <Filter>Header Files</Filter>
    </ClInclude>
    <ClInclude Include="eqglib\str_util.h">
      <Filter>Header Files</Filter>
    </ClInclude>
    <ClInclude Include="eqglib\container_util.h">
      <Filter>Header Files</Filter>
    </ClInclude>
    <ClInclude Include="eqglib\log_internal.h">
      <Filter>Header Files</Filter>
    </ClInclude>
    <ClInclude Include="eqglib\eqglib.h">
      <Filter>Header Files</Filter>
    </ClInclude>
    <ClInclude Include="eqglib\pch.h">
      <Filter>Header Files</Filter>
    </ClInclude>
    <ClInclude Include="eqglib\eqg_resource_manager.h">
      <Filter>Header Files</Filter>
    </ClInclude>
  </ItemGroup>
  <ItemGroup>
    <ClCompile Include="eqglib\eqg_loader.cpp">
      <Filter>Source Files</Filter>
    </ClCompile>
    <ClCompile Include="eqglib\oriented_bounding_box.cpp">
      <Filter>Source Files</Filter>
    </ClCompile>
    <ClCompile Include="eqglib\archive.cpp">
      <Filter>Source Files</Filter>
    </ClCompile>
    <ClCompile Include="eqglib\pfs_crc.cpp">
      <Filter>Source Files</Filter>
    </ClCompile>
    <ClCompile Include="eqglib\wld_loader.cpp">
      <Filter>Source Files</Filter>
    </ClCompile>
    <ClCompile Include="eqglib\wld_fragment.cpp">
      <Filter>Source Files</Filter>
    </ClCompile>
    <ClCompile Include="eqglib\eqg_terrain.cpp">
      <Filter>Source Files</Filter>
    </ClCompile>
    <ClCompile Include="eqglib\eqglib.cpp">
      <Filter>Source Files</Filter>
    </ClCompile>
    <ClCompile Include="eqglib\pch.cpp">
      <Filter>Source Files</Filter>
    </ClCompile>
    <ClCompile Include="eqglib\eqg_material.cpp">
      <Filter>Source Files</Filter>
    </ClCompile>
    <ClCompile Include="eqglib\eqg_resource_manager.cpp">
      <Filter>Source Files</Filter>
    </ClCompile>
  </ItemGroup>
</Project>