<?xml version="1.0" encoding="utf-8"?>
<Project ToolsVersion="4.0" xmlns="http://schemas.microsoft.com/developer/msbuild/2003">
  <ItemGroup>
    <Filter Include="Pathfinding">
      <UniqueIdentifier>{b4c14982-fd99-4e86-bdd7-cf776893dabc}</UniqueIdentifier>
    </Filter>
    <Filter Include="Pathfinding\Recast">
      <UniqueIdentifier>{633937ec-ce07-4953-a4ea-bede77d6c736}</UniqueIdentifier>
    </Filter>
    <Filter Include="Pathfinding\Recast\Include">
      <UniqueIdentifier>{181d1ab6-3ee4-4e88-80b3-417550d5d443}</UniqueIdentifier>
    </Filter>
    <Filter Include="Pathfinding\Recast\Source">
      <UniqueIdentifier>{d6a0f6d4-ba9d-4360-a75e-cc064b403bb6}</UniqueIdentifier>
    </Filter>
    <Filter Include="Pathfinding\Detour">
      <UniqueIdentifier>{4fe3409d-4aae-477d-9241-93aaf61e07e4}</UniqueIdentifier>
    </Filter>
    <Filter Include="Pathfinding\Detour\Include">
      <UniqueIdentifier>{a76ad854-a8e7-41bf-9bf5-7177c45295f2}</UniqueIdentifier>
    </Filter>
    <Filter Include="Pathfinding\Detour\Source">
      <UniqueIdentifier>{f074be10-f2f3-4915-89a5-9d7de279adb3}</UniqueIdentifier>
    </Filter>
    <Filter Include="Pathfinding\DebugUtils">
      <UniqueIdentifier>{4547a124-6d86-47c5-b514-d5b5784102b2}</UniqueIdentifier>
    </Filter>
    <Filter Include="Pathfinding\DebugUtils\Include">
      <UniqueIdentifier>{96748d84-440c-4a3d-a7fa-fec4ecbc437a}</UniqueIdentifier>
    </Filter>
    <Filter Include="Pathfinding\DebugUtils\Source">
      <UniqueIdentifier>{55992559-9598-4e43-a1c0-068af35d1d3a}</UniqueIdentifier>
    </Filter>
    <Filter Include="Pathfinding\Navigation">
      <UniqueIdentifier>{43108561-5752-4003-9c88-7d324bd61586}</UniqueIdentifier>
    </Filter>
    <Filter Include="Pathfinding\Navigation\Source">
      <UniqueIdentifier>{c5429ac7-d14f-4066-b8bd-043daee30e47}</UniqueIdentifier>
    </Filter>
    <Filter Include="Pathfinding\Navigation\Include">
      <UniqueIdentifier>{fea4f638-014e-4f44-91dd-f1ae9c418a14}</UniqueIdentifier>
    </Filter>
    <Filter Include="Zone Parsing">
      <UniqueIdentifier>{a9332d62-2e82-46be-a496-230928b367a5}</UniqueIdentifier>
    </Filter>
    <Filter Include="Zone Parsing\AZone2">
      <UniqueIdentifier>{0ebc1b7d-c9c4-4558-967f-6075738d66a7}</UniqueIdentifier>
    </Filter>
    <Filter Include="Zone Parsing\AZone2\Source">
      <UniqueIdentifier>{50e18045-20bb-4a6a-890b-4b373a9abe22}</UniqueIdentifier>
    </Filter>
    <Filter Include="Zone Parsing\AZone2\Header">
      <UniqueIdentifier>{8db22041-a4b3-4a7b-9cd4-45c7dfc0122a}</UniqueIdentifier>
    </Filter>
    <Filter Include="Zone Parsing\ZLib">
      <UniqueIdentifier>{ef5b341d-29fd-4b3a-b12a-238fcbd5d87d}</UniqueIdentifier>
    </Filter>
    <Filter Include="Zone Parsing\ZLib\Include">
      <UniqueIdentifier>{870415c5-bb08-4912-9bc0-8aaee8b6433d}</UniqueIdentifier>
    </Filter>
    <Filter Include="Rendering">
      <UniqueIdentifier>{b5dbf987-4a79-4edf-80ea-6273d63fdd9e}</UniqueIdentifier>
    </Filter>
    <Filter Include="Rendering\IMGUI">
      <UniqueIdentifier>{d8e781d3-b611-4c82-bf4b-097d5dcfbd28}</UniqueIdentifier>
    </Filter>
    <Filter Include="Rendering\IMGUI\Include">
      <UniqueIdentifier>{f2ff315a-1e4d-42e3-8122-f115687bafde}</UniqueIdentifier>
    </Filter>
    <Filter Include="Rendering\IMGUI\Source">
      <UniqueIdentifier>{4dc8eac2-8d61-4d85-9022-42a64a26c89f}</UniqueIdentifier>
    </Filter>
    <Filter Include="Rendering\Interface">
      <UniqueIdentifier>{4608916a-b05a-4de1-9bac-c0d579520baa}</UniqueIdentifier>
    </Filter>
    <Filter Include="Rendering\Interface\Include">
      <UniqueIdentifier>{4d30b441-89c6-4e4f-82fb-4f672705445a}</UniqueIdentifier>
    </Filter>
    <Filter Include="Rendering\Interface\Source">
      <UniqueIdentifier>{3c72e2dd-a0d9-43d6-8e9b-7718cfdf9dde}</UniqueIdentifier>
    </Filter>
    <Filter Include="Rendering\SDL">
      <UniqueIdentifier>{2ff1a479-dcbb-4925-8cc3-f0c1910b2a11}</UniqueIdentifier>
    </Filter>
    <Filter Include="Rendering\SDL\Include">
      <UniqueIdentifier>{8524b4ab-6bfd-4f07-ba81-80a13ee83c6d}</UniqueIdentifier>
    </Filter>
  </ItemGroup>
  <ItemGroup>
    <None Include="..\Pathfinding\License.txt">
      <Filter>Pathfinding</Filter>
    </None>
    <None Include="..\Pathfinding\Readme.txt">
      <Filter>Pathfinding</Filter>
    </None>
    <None Include="..\AZone2\License.txt">
      <Filter>Zone Parsing\AZone2</Filter>
    </None>
    <None Include="..\AZone2\Readme.txt">
      <Filter>Zone Parsing\AZone2</Filter>
    </None>
    <None Include="..\Zone Parsing\ZLib\License.txt">
      <Filter>Zone Parsing\ZLib</Filter>
    </None>
    <None Include="..\Zone Parsing\ZLib\Readme.txt">
      <Filter>Zone Parsing\ZLib</Filter>
    </None>
    <None Include="..\Rendering\SDL\License.txt">
      <Filter>Rendering\SDL</Filter>
    </None>
    <None Include="..\Rendering\SDL\Readme.txt">
      <Filter>Rendering\SDL</Filter>
    </None>
  </ItemGroup>
  <ItemGroup>
    <ClInclude Include="..\Pathfinding\Recast\Include\Recast.h">
      <Filter>Pathfinding\Recast\Include</Filter>
    </ClInclude>
    <ClInclude Include="..\Pathfinding\Recast\Include\RecastLog.h">
      <Filter>Pathfinding\Recast\Include</Filter>
    </ClInclude>
    <ClInclude Include="..\Pathfinding\Recast\Include\RecastTimer.h">
      <Filter>Pathfinding\Recast\Include</Filter>
    </ClInclude>
    <ClInclude Include="..\Pathfinding\Detour\Include\DetourCommon.h">
      <Filter>Pathfinding\Detour\Include</Filter>
    </ClInclude>
    <ClInclude Include="..\Pathfinding\Detour\Include\DetourNavMesh.h">
      <Filter>Pathfinding\Detour\Include</Filter>
    </ClInclude>
    <ClInclude Include="..\Pathfinding\Detour\Include\DetourNavMeshBuilder.h">
      <Filter>Pathfinding\Detour\Include</Filter>
    </ClInclude>
    <ClInclude Include="..\Pathfinding\Detour\Include\DetourNode.h">
      <Filter>Pathfinding\Detour\Include</Filter>
    </ClInclude>
    <ClInclude Include="..\Pathfinding\DebugUtils\Include\DebugDraw.h">
      <Filter>Pathfinding\DebugUtils\Include</Filter>
    </ClInclude>
    <ClInclude Include="..\Pathfinding\DebugUtils\Include\DetourDebugDraw.h">
      <Filter>Pathfinding\DebugUtils\Include</Filter>
    </ClInclude>
    <ClInclude Include="..\Pathfinding\DebugUtils\Include\RecastDebugDraw.h">
      <Filter>Pathfinding\DebugUtils\Include</Filter>
    </ClInclude>
    <ClInclude Include="..\Pathfinding\DebugUtils\Include\RecastDump.h">
      <Filter>Pathfinding\DebugUtils\Include</Filter>
    </ClInclude>
    <ClInclude Include="..\Pathfinding\Navigation\Include\ChunkyTriMesh.h">
      <Filter>Pathfinding\Navigation\Include</Filter>
    </ClInclude>
    <ClInclude Include="..\Pathfinding\Navigation\Include\ConvexVolumeTool.h">
      <Filter>Pathfinding\Navigation\Include</Filter>
    </ClInclude>
    <ClInclude Include="..\Pathfinding\Navigation\Include\InputGeom.h">
      <Filter>Pathfinding\Navigation\Include</Filter>
    </ClInclude>
    <ClInclude Include="..\Pathfinding\Navigation\Include\MeshLoaderObj.h">
      <Filter>Pathfinding\Navigation\Include</Filter>
    </ClInclude>
    <ClInclude Include="..\Pathfinding\Navigation\Include\NavMeshTesterTool.h">
      <Filter>Pathfinding\Navigation\Include</Filter>
    </ClInclude>
    <ClInclude Include="..\Pathfinding\Navigation\Include\OffMeshConnectionTool.h">
      <Filter>Pathfinding\Navigation\Include</Filter>
    </ClInclude>
    <ClInclude Include="..\Pathfinding\Navigation\Include\Sample.h">
      <Filter>Pathfinding\Navigation\Include</Filter>
    </ClInclude>
    <ClInclude Include="..\Pathfinding\Navigation\Include\Sample_TileMesh.h">
      <Filter>Pathfinding\Navigation\Include</Filter>
    </ClInclude>
    <ClInclude Include="..\Zone Parsing\AZone2\Include\3d.hpp">
      <Filter>Zone Parsing\AZone2\Header</Filter>
    </ClInclude>
    <ClInclude Include="..\Zone Parsing\AZone2\Include\3d_base.hpp">
      <Filter>Zone Parsing\AZone2\Header</Filter>
    </ClInclude>
    <ClInclude Include="..\Zone Parsing\AZone2\Include\archive.hpp">
      <Filter>Zone Parsing\AZone2\Header</Filter>
    </ClInclude>
    <ClInclude Include="..\Zone Parsing\AZone2\Include\awater.h">
      <Filter>Zone Parsing\AZone2\Header</Filter>
    </ClInclude>
    <ClInclude Include="..\Zone Parsing\AZone2\Include\azone.h">
      <Filter>Zone Parsing\AZone2\Header</Filter>
    </ClInclude>
    <ClInclude Include="..\Zone Parsing\AZone2\Include\dat.hpp">
      <Filter>Zone Parsing\AZone2\Header</Filter>
    </ClInclude>
    <ClInclude Include="..\Zone Parsing\AZone2\Include\file.hpp">
      <Filter>Zone Parsing\AZone2\Header</Filter>
    </ClInclude>
    <ClInclude Include="..\Zone Parsing\AZone2\Include\file_loader.hpp">
      <Filter>Zone Parsing\AZone2\Header</Filter>
    </ClInclude>
    <ClInclude Include="..\Zone Parsing\AZone2\Include\global.hpp">
      <Filter>Zone Parsing\AZone2\Header</Filter>
    </ClInclude>
    <ClInclude Include="..\Zone Parsing\AZone2\Include\map.h">
      <Filter>Zone Parsing\AZone2\Header</Filter>
    </ClInclude>
    <ClInclude Include="..\Zone Parsing\AZone2\Include\octree.hpp">
      <Filter>Zone Parsing\AZone2\Header</Filter>
    </ClInclude>
    <ClInclude Include="..\Zone Parsing\AZone2\Include\pfs.hpp">
      <Filter>Zone Parsing\AZone2\Header</Filter>
    </ClInclude>
    <ClInclude Include="..\Zone Parsing\AZone2\Include\s3d.h">
      <Filter>Zone Parsing\AZone2\Header</Filter>
    </ClInclude>
    <ClInclude Include="..\Zone Parsing\AZone2\Include\ter.hpp">
      <Filter>Zone Parsing\AZone2\Header</Filter>
    </ClInclude>
    <ClInclude Include="..\Zone Parsing\AZone2\Include\types.h">
      <Filter>Zone Parsing\AZone2\Header</Filter>
    </ClInclude>
    <ClInclude Include="..\Zone Parsing\AZone2\Include\wld.hpp">
      <Filter>Zone Parsing\AZone2\Header</Filter>
    </ClInclude>
    <ClInclude Include="..\Zone Parsing\AZone2\Include\wld_structs.hpp">
      <Filter>Zone Parsing\AZone2\Header</Filter>
    </ClInclude>
    <ClInclude Include="..\Zone Parsing\AZone2\Include\zon.hpp">
      <Filter>Zone Parsing\AZone2\Header</Filter>
    </ClInclude>
    <ClInclude Include="..\Zone Parsing\AZone2\Include\zonv4.hpp">
      <Filter>Zone Parsing\AZone2\Header</Filter>
    </ClInclude>
    <ClInclude Include="..\Zone Parsing\ZLib\Include\zconf.h">
      <Filter>Zone Parsing\ZLib\Include</Filter>
    </ClInclude>
    <ClInclude Include="..\Zone Parsing\ZLib\Include\zlib.h">
      <Filter>Zone Parsing\ZLib\Include</Filter>
    </ClInclude>
    <ClInclude Include="..\Rendering\IMGUI\Include\imgui.h">
      <Filter>Rendering\IMGUI\Include</Filter>
    </ClInclude>
    <ClInclude Include="..\Rendering\IMGUI\Include\imguiRenderGL.h">
      <Filter>Rendering\IMGUI\Include</Filter>
    </ClInclude>
    <ClInclude Include="..\Rendering\Interface\Include\Interface.h">
      <Filter>Rendering\Interface\Include</Filter>
    </ClInclude>
    <ClInclude Include="..\Rendering\SDL\Include\begin_code.h">
      <Filter>Rendering\SDL\Include</Filter>
    </ClInclude>
    <ClInclude Include="..\Rendering\SDL\Include\close_code.h">
      <Filter>Rendering\SDL\Include</Filter>
    </ClInclude>
    <ClInclude Include="..\Rendering\SDL\Include\SDL.h">
      <Filter>Rendering\SDL\Include</Filter>
    </ClInclude>
    <ClInclude Include="..\Rendering\SDL\Include\SDL_active.h">
      <Filter>Rendering\SDL\Include</Filter>
    </ClInclude>
    <ClInclude Include="..\Rendering\SDL\Include\SDL_audio.h">
      <Filter>Rendering\SDL\Include</Filter>
    </ClInclude>
    <ClInclude Include="..\Rendering\SDL\Include\SDL_byteorder.h">
      <Filter>Rendering\SDL\Include</Filter>
    </ClInclude>
    <ClInclude Include="..\Rendering\SDL\Include\SDL_cdrom.h">
      <Filter>Rendering\SDL\Include</Filter>
    </ClInclude>
    <ClInclude Include="..\Rendering\SDL\Include\SDL_config.h">
      <Filter>Rendering\SDL\Include</Filter>
    </ClInclude>
    <ClInclude Include="..\Rendering\SDL\Include\SDL_config_amiga.h">
      <Filter>Rendering\SDL\Include</Filter>
    </ClInclude>
    <ClInclude Include="..\Rendering\SDL\Include\SDL_config_dreamcast.h">
      <Filter>Rendering\SDL\Include</Filter>
    </ClInclude>
    <ClInclude Include="..\Rendering\SDL\Include\SDL_config_macos.h">
      <Filter>Rendering\SDL\Include</Filter>
    </ClInclude>
    <ClInclude Include="..\Rendering\SDL\Include\SDL_config_macosx.h">
      <Filter>Rendering\SDL\Include</Filter>
    </ClInclude>
    <ClInclude Include="..\Rendering\SDL\Include\SDL_config_minimal.h">
      <Filter>Rendering\SDL\Include</Filter>
    </ClInclude>
    <ClInclude Include="..\Rendering\SDL\Include\SDL_config_nds.h">
      <Filter>Rendering\SDL\Include</Filter>
    </ClInclude>
    <ClInclude Include="..\Rendering\SDL\Include\SDL_config_os2.h">
      <Filter>Rendering\SDL\Include</Filter>
    </ClInclude>
    <ClInclude Include="..\Rendering\SDL\Include\SDL_config_symbian.h">
      <Filter>Rendering\SDL\Include</Filter>
    </ClInclude>
    <ClInclude Include="..\Rendering\SDL\Include\SDL_config_win32.h">
      <Filter>Rendering\SDL\Include</Filter>
    </ClInclude>
    <ClInclude Include="..\Rendering\SDL\Include\SDL_copying.h">
      <Filter>Rendering\SDL\Include</Filter>
    </ClInclude>
    <ClInclude Include="..\Rendering\SDL\Include\SDL_cpuinfo.h">
      <Filter>Rendering\SDL\Include</Filter>
    </ClInclude>
    <ClInclude Include="..\Rendering\SDL\Include\SDL_endian.h">
      <Filter>Rendering\SDL\Include</Filter>
    </ClInclude>
    <ClInclude Include="..\Rendering\SDL\Include\SDL_error.h">
      <Filter>Rendering\SDL\Include</Filter>
    </ClInclude>
    <ClInclude Include="..\Rendering\SDL\Include\SDL_events.h">
      <Filter>Rendering\SDL\Include</Filter>
    </ClInclude>
    <ClInclude Include="..\Rendering\SDL\Include\SDL_getenv.h">
      <Filter>Rendering\SDL\Include</Filter>
    </ClInclude>
    <ClInclude Include="..\Rendering\SDL\Include\SDL_joystick.h">
      <Filter>Rendering\SDL\Include</Filter>
    </ClInclude>
    <ClInclude Include="..\Rendering\SDL\Include\SDL_keyboard.h">
      <Filter>Rendering\SDL\Include</Filter>
    </ClInclude>
    <ClInclude Include="..\Rendering\SDL\Include\SDL_keysym.h">
      <Filter>Rendering\SDL\Include</Filter>
    </ClInclude>
    <ClInclude Include="..\Rendering\SDL\Include\SDL_loadso.h">
      <Filter>Rendering\SDL\Include</Filter>
    </ClInclude>
    <ClInclude Include="..\Rendering\SDL\Include\SDL_main.h">
      <Filter>Rendering\SDL\Include</Filter>
    </ClInclude>
    <ClInclude Include="..\Rendering\SDL\Include\SDL_mouse.h">
      <Filter>Rendering\SDL\Include</Filter>
    </ClInclude>
    <ClInclude Include="..\Rendering\SDL\Include\SDL_mutex.h">
      <Filter>Rendering\SDL\Include</Filter>
    </ClInclude>
    <ClInclude Include="..\Rendering\SDL\Include\SDL_name.h">
      <Filter>Rendering\SDL\Include</Filter>
    </ClInclude>
    <ClInclude Include="..\Rendering\SDL\Include\SDL_opengl.h">
      <Filter>Rendering\SDL\Include</Filter>
    </ClInclude>
    <ClInclude Include="..\Rendering\SDL\Include\SDL_platform.h">
      <Filter>Rendering\SDL\Include</Filter>
    </ClInclude>
    <ClInclude Include="..\Rendering\SDL\Include\SDL_quit.h">
      <Filter>Rendering\SDL\Include</Filter>
    </ClInclude>
    <ClInclude Include="..\Rendering\SDL\Include\SDL_rwops.h">
      <Filter>Rendering\SDL\Include</Filter>
    </ClInclude>
    <ClInclude Include="..\Rendering\SDL\Include\SDL_stdinc.h">
      <Filter>Rendering\SDL\Include</Filter>
    </ClInclude>
    <ClInclude Include="..\Rendering\SDL\Include\SDL_syswm.h">
      <Filter>Rendering\SDL\Include</Filter>
    </ClInclude>
    <ClInclude Include="..\Rendering\SDL\Include\SDL_thread.h">
      <Filter>Rendering\SDL\Include</Filter>
    </ClInclude>
    <ClInclude Include="..\Rendering\SDL\Include\SDL_timer.h">
      <Filter>Rendering\SDL\Include</Filter>
    </ClInclude>
    <ClInclude Include="..\Rendering\SDL\Include\SDL_types.h">
      <Filter>Rendering\SDL\Include</Filter>
    </ClInclude>
    <ClInclude Include="..\Rendering\SDL\Include\SDL_version.h">
      <Filter>Rendering\SDL\Include</Filter>
    </ClInclude>
    <ClInclude Include="..\Rendering\SDL\Include\SDL_video.h">
      <Filter>Rendering\SDL\Include</Filter>
    </ClInclude>
    <ClInclude Include="..\Rendering\SDL\Include\SDLMain.h">
      <Filter>Rendering\SDL\Include</Filter>
    </ClInclude>
    <ClInclude Include="..\Rendering\SDL\Include\stb_truetype.h">
      <Filter>Rendering\SDL\Include</Filter>
    </ClInclude>
    <ClInclude Include="resource.h" />
  </ItemGroup>
  <ItemGroup>
    <ClCompile Include="..\Pathfinding\Recast\Source\Recast.cpp">
      <Filter>Pathfinding\Recast\Source</Filter>
    </ClCompile>
    <ClCompile Include="..\Pathfinding\Recast\Source\RecastArea.cpp">
      <Filter>Pathfinding\Recast\Source</Filter>
    </ClCompile>
    <ClCompile Include="..\Pathfinding\Recast\Source\RecastContour.cpp">
      <Filter>Pathfinding\Recast\Source</Filter>
    </ClCompile>
    <ClCompile Include="..\Pathfinding\Recast\Source\RecastFilter.cpp">
      <Filter>Pathfinding\Recast\Source</Filter>
    </ClCompile>
    <ClCompile Include="..\Pathfinding\Recast\Source\RecastLog.cpp">
      <Filter>Pathfinding\Recast\Source</Filter>
    </ClCompile>
    <ClCompile Include="..\Pathfinding\Recast\Source\RecastMesh.cpp">
      <Filter>Pathfinding\Recast\Source</Filter>
    </ClCompile>
    <ClCompile Include="..\Pathfinding\Recast\Source\RecastMeshDetail.cpp">
      <Filter>Pathfinding\Recast\Source</Filter>
    </ClCompile>
    <ClCompile Include="..\Pathfinding\Recast\Source\RecastRasterization.cpp">
      <Filter>Pathfinding\Recast\Source</Filter>
    </ClCompile>
    <ClCompile Include="..\Pathfinding\Recast\Source\RecastRegion.cpp">
      <Filter>Pathfinding\Recast\Source</Filter>
    </ClCompile>
    <ClCompile Include="..\Pathfinding\Recast\Source\RecastTimer.cpp">
      <Filter>Pathfinding\Recast\Source</Filter>
    </ClCompile>
    <ClCompile Include="..\Pathfinding\Detour\Source\DetourCommon.cpp">
      <Filter>Pathfinding\Detour\Source</Filter>
    </ClCompile>
    <ClCompile Include="..\Pathfinding\Detour\Source\DetourNavMesh.cpp">
      <Filter>Pathfinding\Detour\Source</Filter>
    </ClCompile>
    <ClCompile Include="..\Pathfinding\Detour\Source\DetourNavMeshBuilder.cpp">
      <Filter>Pathfinding\Detour\Source</Filter>
    </ClCompile>
    <ClCompile Include="..\Pathfinding\Detour\Source\DetourNode.cpp">
      <Filter>Pathfinding\Detour\Source</Filter>
    </ClCompile>
    <ClCompile Include="..\Pathfinding\DebugUtils\Source\DebugDraw.cpp">
      <Filter>Pathfinding\DebugUtils\Source</Filter>
    </ClCompile>
    <ClCompile Include="..\Pathfinding\DebugUtils\Source\DetourDebugDraw.cpp">
      <Filter>Pathfinding\DebugUtils\Source</Filter>
    </ClCompile>
    <ClCompile Include="..\Pathfinding\DebugUtils\Source\RecastDebugDraw.cpp">
      <Filter>Pathfinding\DebugUtils\Source</Filter>
    </ClCompile>
    <ClCompile Include="..\Pathfinding\DebugUtils\Source\RecastDump.cpp">
      <Filter>Pathfinding\DebugUtils\Source</Filter>
    </ClCompile>
    <ClCompile Include="..\Pathfinding\Navigation\Source\ChunkyTriMesh.cpp">
      <Filter>Pathfinding\Navigation\Source</Filter>
    </ClCompile>
    <ClCompile Include="..\Pathfinding\Navigation\Source\ConvexVolumeTool.cpp">
      <Filter>Pathfinding\Navigation\Source</Filter>
    </ClCompile>
    <ClCompile Include="..\Pathfinding\Navigation\Source\InputGeom.cpp">
      <Filter>Pathfinding\Navigation\Source</Filter>
    </ClCompile>
    <ClCompile Include="..\Pathfinding\Navigation\Source\MeshLoaderObj.cpp">
      <Filter>Pathfinding\Navigation\Source</Filter>
    </ClCompile>
    <ClCompile Include="..\Pathfinding\Navigation\Source\NavMeshTesterTool.cpp">
      <Filter>Pathfinding\Navigation\Source</Filter>
    </ClCompile>
    <ClCompile Include="..\Pathfinding\Navigation\Source\OffMeshConnectionTool.cpp">
      <Filter>Pathfinding\Navigation\Source</Filter>
    </ClCompile>
    <ClCompile Include="..\Pathfinding\Navigation\Source\Sample.cpp">
      <Filter>Pathfinding\Navigation\Source</Filter>
    </ClCompile>
    <ClCompile Include="..\Pathfinding\Navigation\Source\Sample_TileMesh.cpp">
      <Filter>Pathfinding\Navigation\Source</Filter>
    </ClCompile>
    <ClCompile Include="..\Zone Parsing\AZone2\Source\azone.cpp">
      <Filter>Zone Parsing\AZone2\Source</Filter>
    </ClCompile>
    <ClCompile Include="..\Zone Parsing\AZone2\Source\dat.cpp">
      <Filter>Zone Parsing\AZone2\Source</Filter>
    </ClCompile>
    <ClCompile Include="..\Zone Parsing\AZone2\Source\file.cpp">
      <Filter>Zone Parsing\AZone2\Source</Filter>
    </ClCompile>
    <ClCompile Include="..\Zone Parsing\AZone2\Source\global.cpp">
      <Filter>Zone Parsing\AZone2\Source</Filter>
    </ClCompile>
    <ClCompile Include="..\Zone Parsing\AZone2\Source\pfs.cpp">
      <Filter>Zone Parsing\AZone2\Source</Filter>
    </ClCompile>
    <ClCompile Include="..\Zone Parsing\AZone2\Source\ter.cpp">
      <Filter>Zone Parsing\AZone2\Source</Filter>
    </ClCompile>
    <ClCompile Include="..\Zone Parsing\AZone2\Source\wld.cpp">
      <Filter>Zone Parsing\AZone2\Source</Filter>
    </ClCompile>
    <ClCompile Include="..\Zone Parsing\AZone2\Source\zon.cpp">
      <Filter>Zone Parsing\AZone2\Source</Filter>
    </ClCompile>
    <ClCompile Include="..\Zone Parsing\AZone2\Source\zonv4.cpp">
      <Filter>Zone Parsing\AZone2\Source</Filter>
    </ClCompile>
    <ClCompile Include="..\Rendering\IMGUI\Source\imgui.cpp">
      <Filter>Rendering\IMGUI\Source</Filter>
    </ClCompile>
    <ClCompile Include="..\Rendering\IMGUI\Source\imguiRenderGL.cpp">
      <Filter>Rendering\IMGUI\Source</Filter>
    </ClCompile>
    <ClCompile Include="..\Rendering\Interface\Source\Interface.cpp">
      <Filter>Rendering\Interface\Source</Filter>
    </ClCompile>
    <ClCompile Include="EQNavigation.cpp" />
  </ItemGroup>
  <ItemGroup>
    <ResourceCompile Include="EQNavigation.rc" />
  </ItemGroup>
</Project>