<?xml version="1.0" encoding="utf-8"?>
<Project ToolsVersion="4.0" xmlns="http://schemas.microsoft.com/developer/msbuild/2003">
  <ItemGroup>
    <Filter Include="Source Files">
      <UniqueIdentifier>{4FC737F1-C7A5-4376-A066-2A32D752A2FF}</UniqueIdentifier>
      <Extensions>cpp;c;cc;cxx;def;odl;idl;hpj;bat;asm;asmx</Extensions>
    </Filter>
    <Filter Include="Header Files">
      <UniqueIdentifier>{93995380-89BD-4b04-88EB-625FBE52EBFB}</UniqueIdentifier>
      <Extensions>h;hh;hpp;hxx;hm;inl;inc;xsd</Extensions>
    </Filter>
    <Filter Include="Resource Files">
      <UniqueIdentifier>{67DA6AB6-F800-4c08-8B7A-83BB121AAD01}</UniqueIdentifier>
      <Extensions>rc;ico;cur;bmp;dlg;rc2;rct;bin;rgs;gif;jpg;jpeg;jpe;resx;tiff;tif;png;wav;mfcribbon-ms</Extensions>
    </Filter>
  </ItemGroup>
  <ItemGroup>
    <ClInclude Include="..\zone-utilities\common\string_util.h">
      <Filter>Header Files</Filter>
    </ClInclude>
    <ClInclude Include="..\zone-utilities\common\water_map.h">
      <Filter>Header Files</Filter>
    </ClInclude>
    <ClInclude Include="..\zone-utilities\common\water_map_v1.h">
      <Filter>Header Files</Filter>
    </ClInclude>
    <ClInclude Include="..\zone-utilities\common\water_map_v2.h">
      <Filter>Header Files</Filter>
    </ClInclude>
    <ClInclude Include="..\zone-utilities\common\wld_fragment.h">
      <Filter>Header Files</Filter>
    </ClInclude>
    <ClInclude Include="..\zone-utilities\common\wld_fragment_reference.h">
      <Filter>Header Files</Filter>
    </ClInclude>
    <ClInclude Include="..\zone-utilities\common\wld_structs.h">
      <Filter>Header Files</Filter>
    </ClInclude>
    <ClInclude Include="..\zone-utilities\common\zone_map.h">
      <Filter>Header Files</Filter>
    </ClInclude>
    <ClInclude Include="..\zone-utilities\common\any.h">
      <Filter>Header Files</Filter>
    </ClInclude>
    <ClInclude Include="..\zone-utilities\common\compression.h">
      <Filter>Header Files</Filter>
    </ClInclude>
    <ClInclude Include="..\zone-utilities\common\eqemu_endian.h">
      <Filter>Header Files</Filter>
    </ClInclude>
    <ClInclude Include="..\zone-utilities\common\eqg_geometry.h">
      <Filter>Header Files</Filter>
    </ClInclude>
    <ClInclude Include="..\zone-utilities\common\eqg_invis_wall.h">
      <Filter>Header Files</Filter>
    </ClInclude>
    <ClInclude Include="..\zone-utilities\common\eqg_loader.h">
      <Filter>Header Files</Filter>
    </ClInclude>
    <ClInclude Include="..\zone-utilities\common\eqg_material.h">
      <Filter>Header Files</Filter>
    </ClInclude>
    <ClInclude Include="..\zone-utilities\common\eqg_model_loader.h">
      <Filter>Header Files</Filter>
    </ClInclude>
    <ClInclude Include="..\zone-utilities\common\eqg_region.h">
      <Filter>Header Files</Filter>
    </ClInclude>
    <ClInclude Include="..\zone-utilities\common\eqg_structs.h">
      <Filter>Header Files</Filter>
    </ClInclude>
    <ClInclude Include="..\zone-utilities\common\eqg_terrain.h">
      <Filter>Header Files</Filter>
    </ClInclude>
    <ClInclude Include="..\zone-utilities\common\eqg_terrain_tile.h">
      <Filter>Header Files</Filter>
    </ClInclude>
    <ClInclude Include="..\zone-utilities\common\eqg_v4_loader.h">
      <Filter>Header Files</Filter>
    </ClInclude>
    <ClInclude Include="..\zone-utilities\common\eqg_water_sheet.h">
      <Filter>Header Files</Filter>
    </ClInclude>
    <ClInclude Include="..\zone-utilities\common\light.h">
      <Filter>Header Files</Filter>
    </ClInclude>
    <ClInclude Include="..\zone-utilities\common\octree.h">
      <Filter>Header Files</Filter>
    </ClInclude>
    <ClInclude Include="..\zone-utilities\common\oriented_bounding_box.h">
      <Filter>Header Files</Filter>
    </ClInclude>
    <ClInclude Include="..\zone-utilities\common\pfs.h">
      <Filter>Header Files</Filter>
    </ClInclude>
    <ClInclude Include="..\zone-utilities\common\pfs_crc.h">
      <Filter>Header Files</Filter>
    </ClInclude>
    <ClInclude Include="..\zone-utilities\common\placeable.h">
      <Filter>Header Files</Filter>
    </ClInclude>
    <ClInclude Include="..\zone-utilities\common\placeable_group.h">
      <Filter>Header Files</Filter>
    </ClInclude>
    <ClInclude Include="..\zone-utilities\common\s3d_bsp.h">
      <Filter>Header Files</Filter>
    </ClInclude>
    <ClInclude Include="..\zone-utilities\common\s3d_geometry.h">
      <Filter>Header Files</Filter>
    </ClInclude>
    <ClInclude Include="..\zone-utilities\common\s3d_loader.h">
      <Filter>Header Files</Filter>
    </ClInclude>
    <ClInclude Include="..\zone-utilities\common\s3d_skeleton_track.h">
      <Filter>Header Files</Filter>
    </ClInclude>
    <ClInclude Include="..\zone-utilities\common\s3d_texture.h">
      <Filter>Header Files</Filter>
    </ClInclude>
    <ClInclude Include="..\zone-utilities\common\s3d_texture_brush.h">
      <Filter>Header Files</Filter>
    </ClInclude>
    <ClInclude Include="..\zone-utilities\common\s3d_texture_brush_set.h">
      <Filter>Header Files</Filter>
    </ClInclude>
    <ClInclude Include="..\zone-utilities\common\safe_alloc.h">
      <Filter>Header Files</Filter>
    </ClInclude>
    <ClInclude Include="..\zone-utilities\log\log_base.h">
      <Filter>Header Files</Filter>
    </ClInclude>
    <ClInclude Include="..\zone-utilities\log\log_file.h">
      <Filter>Header Files</Filter>
    </ClInclude>
    <ClInclude Include="..\zone-utilities\log\log_macros.h">
      <Filter>Header Files</Filter>
    </ClInclude>
    <ClInclude Include="..\zone-utilities\log\log_manager.h">
      <Filter>Header Files</Filter>
    </ClInclude>
    <ClInclude Include="..\zone-utilities\log\log_stdout.h">
      <Filter>Header Files</Filter>
    </ClInclude>
    <ClInclude Include="..\zone-utilities\log\log_types.h">
      <Filter>Header Files</Filter>
    </ClInclude>
  </ItemGroup>
  <ItemGroup>
    <ClCompile Include="..\zone-utilities\common\water_map.cpp">
      <Filter>Source Files</Filter>
    </ClCompile>
    <ClCompile Include="..\zone-utilities\common\water_map_v1.cpp">
      <Filter>Source Files</Filter>
    </ClCompile>
    <ClCompile Include="..\zone-utilities\common\water_map_v2.cpp">
      <Filter>Source Files</Filter>
    </ClCompile>
    <ClCompile Include="..\zone-utilities\common\wld_fragment.cpp">
      <Filter>Source Files</Filter>
    </ClCompile>
    <ClCompile Include="..\zone-utilities\common\zone_map.cpp">
      <Filter>Source Files</Filter>
    </ClCompile>
    <ClCompile Include="..\zone-utilities\common\compression.cpp">
      <Filter>Source Files</Filter>
    </ClCompile>
    <ClCompile Include="..\zone-utilities\common\oriented_bounding_box.cpp">
      <Filter>Source Files</Filter>
    </ClCompile>
    <ClCompile Include="..\zone-utilities\common\pfs.cpp">
      <Filter>Source Files</Filter>
    </ClCompile>
    <ClCompile Include="..\zone-utilities\common\pfs_crc.cpp">
      <Filter>Source Files</Filter>
    </ClCompile>
    <ClCompile Include="..\zone-utilities\common\s3d_loader.cpp">
      <Filter>Source Files</Filter>
    </ClCompile>
    <ClCompile Include="..\zone-utilities\common\string_util.cpp">
      <Filter>Source Files</Filter>
    </ClCompile>
    <ClCompile Include="..\zone-utilities\log\log_file.cpp">
      <Filter>Source Files</Filter>
    </ClCompile>
    <ClCompile Include="..\zone-utilities\log\log_manager.cpp">
      <Filter>Source Files</Filter>
    </ClCompile>
    <ClCompile Include="..\zone-utilities\log\log_stdout.cpp">
      <Filter>Source Files</Filter>
    </ClCompile>
    <ClCompile Include="..\zone-utilities\common\eqg_loader.cpp">
      <Filter>Source Files</Filter>
    </ClCompile>
    <ClCompile Include="..\zone-utilities\common\eqg_model_loader.cpp">
      <Filter>Source Files</Filter>
    </ClCompile>
    <ClCompile Include="..\zone-utilities\common\eqg_v4_loader.cpp">
      <Filter>Source Files</Filter>
    </ClCompile>
  </ItemGroup>
</Project>