<?xml version="1.0" encoding="utf-8"?>
<Project ToolsVersion="4.0" xmlns="http://schemas.microsoft.com/developer/msbuild/2003">
  <ItemGroup>
    <Filter Include="Source Files">
      <UniqueIdentifier>{886d9276-9e49-46b6-916d-1c686e0900c1}</UniqueIdentifier>
      <Extensions>cpp;c;cc;cxx;def;odl;idl;hpj;bat;asm;asmx</Extensions>
    </Filter>
    <Filter Include="Header Files">
      <UniqueIdentifier>{029c2c0d-43f2-4dd8-80b7-928ae31df7c2}</UniqueIdentifier>
      <Extensions>h;hh;hpp;hxx;hm;inl;inc;xsd</Extensions>
    </Filter>
    <Filter Include="Resource Files">
      <UniqueIdentifier>{55570512-5592-4def-ab72-e27b303cbb0f}</UniqueIdentifier>
    </Filter>
  </ItemGroup>
  <ItemGroup>
    <None Include="..\resources\DoorAdjustments.txt">
      <Filter>Resource Files</Filter>
    </None>
    <None Include="..\resources\Zones.ini">
      <Filter>Resource Files</Filter>
    </None>
    <None Include="packages.config" />
  </ItemGroup>
  <ItemGroup>
    <ClCompile Include="KeybindHandler.cpp">
      <Filter>Source Files</Filter>
    </ClCompile>
    <ClCompile Include="ModelLoader.cpp">
      <Filter>Source Files</Filter>
    </ClCompile>
    <ClCompile Include="ImGuiDX9.cpp">
      <Filter>Source Files</Filter>
    </ClCompile>
    <ClCompile Include="ImGuiRenderer.cpp">
      <Filter>Source Files</Filter>
    </ClCompile>
    <ClCompile Include="MQ2Navigation.cpp">
      <Filter>Source Files</Filter>
    </ClCompile>
    <ClCompile Include="NavigationPath.cpp">
      <Filter>Source Files</Filter>
    </ClCompile>
    <ClCompile Include="NavigationType.cpp">
      <Filter>Source Files</Filter>
    </ClCompile>
    <ClCompile Include="NavMeshLoader.cpp">
      <Filter>Source Files</Filter>
    </ClCompile>
    <ClCompile Include="NavMeshRenderer.cpp">
      <Filter>Source Files</Filter>
    </ClCompile>
    <ClCompile Include="MQ2Nav_Hooks.cpp">
      <Filter>Source Files</Filter>
    </ClCompile>
    <ClCompile Include="MQ2Nav_Settings.cpp">
      <Filter>Source Files</Filter>
    </ClCompile>
    <ClCompile Include="UiController.cpp">
      <Filter>Source Files</Filter>
    </ClCompile>
    <ClCompile Include="Waypoints.cpp">
      <Filter>Source Files</Filter>
    </ClCompile>
    <ClCompile Include="PluginMain.cpp">
      <Filter>Source Files</Filter>
    </ClCompile>
    <ClCompile Include="RenderHandler.cpp">
      <Filter>Source Files</Filter>
    </ClCompile>
    <ClCompile Include="RenderList.cpp">
      <Filter>Source Files</Filter>
    </ClCompile>
    <ClCompile Include="MapAPI.cpp">
      <Filter>Source Files</Filter>
    </ClCompile>
  </ItemGroup>
  <ItemGroup>
    <ClInclude Include="KeybindHandler.h">
      <Filter>Header Files</Filter>
    </ClInclude>
    <ClInclude Include="ModelLoader.h">
      <Filter>Header Files</Filter>
    </ClInclude>
    <ClInclude Include="DebugDrawDX.h">
      <Filter>Header Files</Filter>
    </ClInclude>
    <ClInclude Include="ImGuiDX9.h">
      <Filter>Header Files</Filter>
    </ClInclude>
    <ClInclude Include="ImGuiRenderer.h">
      <Filter>Header Files</Filter>
    </ClInclude>
    <ClInclude Include="MQ2Navigation.h">
      <Filter>Header Files</Filter>
    </ClInclude>
    <ClInclude Include="NavigationPath.h">
      <Filter>Header Files</Filter>
    </ClInclude>
    <ClInclude Include="NavigationType.h">
      <Filter>Header Files</Filter>
    </ClInclude>
    <ClInclude Include="NavMeshLoader.h">
      <Filter>Header Files</Filter>
    </ClInclude>
    <ClInclude Include="NavMeshRenderer.h">
      <Filter>Header Files</Filter>
    </ClInclude>
    <ClInclude Include="MQ2Nav_Hooks.h">
      <Filter>Header Files</Filter>
    </ClInclude>
    <ClInclude Include="MQ2Nav_Settings.h">
      <Filter>Header Files</Filter>
    </ClInclude>
    <ClInclude Include="MQ2Nav_Util.h">
      <Filter>Header Files</Filter>
    </ClInclude>
    <ClInclude Include="RenderList.h">
      <Filter>Header Files</Filter>
    </ClInclude>
    <ClInclude Include="UiController.h">
      <Filter>Header Files</Filter>
    </ClInclude>
    <ClInclude Include="Waypoints.h">
      <Filter>Header Files</Filter>
    </ClInclude>
    <ClInclude Include="Renderable.h">
      <Filter>Header Files</Filter>
    </ClInclude>
    <ClInclude Include="RenderHandler.h">
      <Filter>Header Files</Filter>
    </ClInclude>
    <ClInclude Include="MapAPI.h">
      <Filter>Header Files</Filter>
    </ClInclude>
  </ItemGroup>
</Project>