<?xml version="1.0" encoding="utf-8"?>
<Project ToolsVersion="4.0" xmlns="http://schemas.microsoft.com/developer/msbuild/2003">
  <ItemGroup>
    <Filter Include="Source Files">
      <UniqueIdentifier>{4FC737F1-C7A5-4376-A066-2A32D752A2FF}</UniqueIdentifier>
      <Extensions>cpp;c;cc;cxx;def;odl;idl;hpj;bat;asm;asmx</Extensions>
    </Filter>
    <Filter Include="Header Files">
      <UniqueIdentifier>{93995380-89BD-4b04-88EB-625FBE52EBFB}</UniqueIdentifier>
      <Extensions>h;hh;hpp;hxx;hm;inl;inc;xsd</Extensions>
    </Filter>
    <Filter Include="Header Files\custom">
      <UniqueIdentifier>{98bcf5f6-3aa9-4d96-b12b-b39d411bd928}</UniqueIdentifier>
    </Filter>
    <Filter Include="Source Files\custom">
      <UniqueIdentifier>{f7e5fa4f-f315-45e4-ba95-d034ae74f4f3}</UniqueIdentifier>
    </Filter>
    <Filter Include="Source Files\fonts">
      <UniqueIdentifier>{e25ec19d-72a0-4337-8882-215c55fb4ae6}</UniqueIdentifier>
    </Filter>
    <Filter Include="Header Files\fonts">
      <UniqueIdentifier>{d64c4651-07c1-4a3e-9bf7-e82695c85355}</UniqueIdentifier>
    </Filter>
    <Filter Include="Source Files\cpp">
      <UniqueIdentifier>{c60189a8-9fc3-4c57-990f-4c3b315007fc}</UniqueIdentifier>
    </Filter>
    <Filter Include="Header Files\cpp">
      <UniqueIdentifier>{9d2e1c17-73b9-42dc-bcdb-cb77badf93ae}</UniqueIdentifier>
    </Filter>
  </ItemGroup>
  <ItemGroup>
    <ClCompile Include="imgui.cpp">
      <Filter>Source Files</Filter>
    </ClCompile>
    <ClCompile Include="imgui_draw.cpp">
      <Filter>Source Files</Filter>
    </ClCompile>
    <ClCompile Include="imgui_demo.cpp">
      <Filter>Source Files</Filter>
    </ClCompile>
    <ClCompile Include="imgui_widgets.cpp">
      <Filter>Source Files</Filter>
    </ClCompile>
    <ClCompile Include="custom\imgui_user.cpp">
      <Filter>Source Files\custom</Filter>
    </ClCompile>
    <ClCompile Include="custom\imgui_column_headers.cpp">
      <Filter>Source Files\custom</Filter>
    </ClCompile>
    <ClCompile Include="misc\fonts\font_droidsans_ttf.cpp">
      <Filter>Source Files\fonts</Filter>
    </ClCompile>
    <ClCompile Include="misc\fonts\font_fontawesome_ttf.cpp">
      <Filter>Source Files\fonts</Filter>
    </ClCompile>
    <ClCompile Include="misc\fonts\font_roboto_medium_ttf.cpp">
      <Filter>Source Files\fonts</Filter>
    </ClCompile>
    <ClCompile Include="misc\fonts\font_materialicons_ttf.cpp">
      <Filter>Source Files\fonts</Filter>
    </ClCompile>
    <ClCompile Include="misc\fonts\font_roboto_regular_ttf.cpp">
      <Filter>Source Files\fonts</Filter>
    </ClCompile>
    <ClCompile Include="misc\cpp\imgui_stdlib.cpp">
      <Filter>Source Files\cpp</Filter>
    </ClCompile>
  </ItemGroup>
  <ItemGroup>
    <ClInclude Include="imgui.h">
      <Filter>Header Files</Filter>
    </ClInclude>
    <ClInclude Include="imstb_rect_pack.h">
      <Filter>Header Files</Filter>
    </ClInclude>
    <ClInclude Include="imstb_textedit.h">
      <Filter>Header Files</Filter>
    </ClInclude>
    <ClInclude Include="imstb_truetype.h">
      <Filter>Header Files</Filter>
    </ClInclude>
    <ClInclude Include="imconfig.h">
      <Filter>Header Files</Filter>
    </ClInclude>
    <ClInclude Include="imgui_internal.h">
      <Filter>Header Files</Filter>
    </ClInclude>
    <ClInclude Include="custom\imgui_column_headers.h">
      <Filter>Header Files\custom</Filter>
    </ClInclude>
    <ClInclude Include="custom\imgui_utils.h">
      <Filter>Header Files\custom</Filter>
    </ClInclude>
    <ClInclude Include="imgui_user.h">
      <Filter>Header Files</Filter>
    </ClInclude>
    <ClInclude Include="imgui_custom\imgui_user.h">
      <Filter>Header Files</Filter>
    </ClInclude>
    <ClInclude Include="custom\imgui_user.h">
      <Filter>Header Files\custom</Filter>
    </ClInclude>
    <ClInclude Include="misc\fonts\font_droidsans_ttf.h">
      <Filter>Header Files\fonts</Filter>
    </ClInclude>
    <ClInclude Include="misc\fonts\font_fontawesome_ttf.h">
      <Filter>Header Files\fonts</Filter>
    </ClInclude>
    <ClInclude Include="misc\fonts\font_materialicons_ttf.h">
      <Filter>Header Files\fonts</Filter>
    </ClInclude>
    <ClInclude Include="misc\fonts\font_roboto_medium_ttf.h">
      <Filter>Header Files\fonts</Filter>
    </ClInclude>
    <ClInclude Include="misc\fonts\font_roboto_regular_ttf.h">
      <Filter>Header Files\fonts</Filter>
    </ClInclude>
    <ClInclude Include="misc\fonts\IconsFontAwesome.h">
      <Filter>Header Files\fonts</Filter>
    </ClInclude>
    <ClInclude Include="misc\fonts\IconsMaterialDesign.h">
      <Filter>Header Files\fonts</Filter>
    </ClInclude>
    <ClInclude Include="misc\cpp\imgui_stdlib.h">
      <Filter>Header Files\cpp</Filter>
    </ClInclude>
  </ItemGroup>
  <ItemGroup>
    <Natvis Include="misc\natvis\imgui.natvis" />
  </ItemGroup>
</Project>