<?xml version="1.0" encoding="utf-8"?>
<Project ToolsVersion="4.0" xmlns="http://schemas.microsoft.com/developer/msbuild/2003">
  <ItemGroup>
    <Filter Include="Source Files">
      <UniqueIdentifier>{4FC737F1-C7A5-4376-A066-2A32D752A2FF}</UniqueIdentifier>
      <Extensions>cpp;c;cc;cxx;def;odl;idl;hpj;bat;asm;asmx</Extensions>
    </Filter>
    <Filter Include="Header Files">
      <UniqueIdentifier>{93995380-89BD-4b04-88EB-625FBE52EBFB}</UniqueIdentifier>
      <Extensions>h;hh;hpp;hxx;hm;inl;inc;xsd</Extensions>
    </Filter>
    <Filter Include="Resource Files">
      <UniqueIdentifier>{224f9baf-4d1f-4823-8c71-af835270db6c}</UniqueIdentifier>
    </Filter>
    <Filter Include="Source Files\tools">
      <UniqueIdentifier>{02752c63-281e-4bbe-a4e2-723ce5ccbf3e}</UniqueIdentifier>
    </Filter>
    <Filter Include="Header Files\tools">
      <UniqueIdentifier>{62139e4e-bb4f-4a57-854f-cdaa0242f277}</UniqueIdentifier>
    </Filter>
    <Filter Include="Source Files\engine">
      <UniqueIdentifier>{770c3172-8e5c-47ed-b0ed-f14a39530381}</UniqueIdentifier>
    </Filter>
    <Filter Include="Header Files\engine">
      <UniqueIdentifier>{6ab7d524-d9d6-4638-b9b4-a2006f19b9eb}</UniqueIdentifier>
    </Filter>
    <Filter Include="Resource Files\engine">
      <UniqueIdentifier>{66217644-198f-4383-988e-cd4d4c4ff525}</UniqueIdentifier>
    </Filter>
    <Filter Include="Resource Files\engine\debugdraw">
      <UniqueIdentifier>{0ba75b6f-dcc0-4e8a-bd68-1eb04fc90fce}</UniqueIdentifier>
    </Filter>
    <Filter Include="Resource Files\engine\imgui">
      <UniqueIdentifier>{3aa5e8f3-e718-4a39-ad21-33387e1d68a0}</UniqueIdentifier>
    </Filter>
    <Filter Include="Header Files\imgui">
      <UniqueIdentifier>{d9404a80-c59f-4597-9ae1-7b5536629b16}</UniqueIdentifier>
    </Filter>
    <Filter Include="Source Files\imgui">
      <UniqueIdentifier>{40fdafbd-1cca-46f5-a4da-ed0bf65c0638}</UniqueIdentifier>
    </Filter>
    <Filter Include="Header Files\engine\im3d">
      <UniqueIdentifier>{27845826-a9cb-4027-bdb9-de634379f86d}</UniqueIdentifier>
    </Filter>
    <Filter Include="Header Files\panels">
      <UniqueIdentifier>{f3750570-e4ce-4fd2-8089-02e560fb5bc5}</UniqueIdentifier>
    </Filter>
    <Filter Include="Source Files\panels">
      <UniqueIdentifier>{382d7c8e-aee7-4272-b129-b634fde0e9aa}</UniqueIdentifier>
    </Filter>
  </ItemGroup>
  <ItemGroup>
    <ClCompile Include="pch.cpp">
      <Filter>Source Files</Filter>
    </ClCompile>
    <ClCompile Include="MapGeometryLoader.cpp">
      <Filter>Source Files</Filter>
    </ClCompile>
    <ClCompile Include="ApplicationConfig.cpp">
      <Filter>Source Files</Filter>
    </ClCompile>
    <ClCompile Include="ChunkyTriMesh.cpp">
      <Filter>Source Files</Filter>
    </ClCompile>
    <ClCompile Include="InputGeom.cpp">
      <Filter>Source Files</Filter>
    </ClCompile>
    <ClCompile Include="Application.cpp">
      <Filter>Source Files</Filter>
    </ClCompile>
    <ClCompile Include="Main.cpp">
      <Filter>Source Files</Filter>
    </ClCompile>
    <ClCompile Include="ZonePicker.cpp">
      <Filter>Source Files</Filter>
    </ClCompile>
    <ClCompile Include="ConvexVolumeTool.cpp">
      <Filter>Source Files\tools</Filter>
    </ClCompile>
    <ClCompile Include="NavMeshPruneTool.cpp">
      <Filter>Source Files\tools</Filter>
    </ClCompile>
    <ClCompile Include="NavMeshTesterTool.cpp">
      <Filter>Source Files\tools</Filter>
    </ClCompile>
    <ClCompile Include="NavMeshTileTool.cpp">
      <Filter>Source Files\tools</Filter>
    </ClCompile>
    <ClCompile Include="NavMeshTool.cpp">
      <Filter>Source Files\tools</Filter>
    </ClCompile>
    <ClCompile Include="OffMeshConnectionTool.cpp">
      <Filter>Source Files\tools</Filter>
    </ClCompile>
    <ClCompile Include="WaypointsTool.cpp">
      <Filter>Source Files\tools</Filter>
    </ClCompile>
    <ClCompile Include="ImGuiWidgets.cpp">
      <Filter>Source Files</Filter>
    </ClCompile>
    <ClCompile Include="NavMeshInfoTool.cpp">
      <Filter>Source Files\tools</Filter>
    </ClCompile>
    <ClCompile Include="imgui\imgui_impl_bgfx.cpp">
      <Filter>Source Files\imgui</Filter>
    </ClCompile>
    <ClCompile Include="imgui\imgui_impl_sdl2.cpp">
      <Filter>Source Files\imgui</Filter>
    </ClCompile>
    <ClCompile Include="imgui\imgui_impl.cpp">
      <Filter>Source Files\imgui</Filter>
    </ClCompile>
    <ClCompile Include="Camera.cpp">
      <Filter>Source Files</Filter>
    </ClCompile>
    <ClCompile Include="ZoneRenderManager.cpp">
      <Filter>Source Files</Filter>
    </ClCompile>
    <ClCompile Include="..\dependencies\im3d\im3d.cpp">
      <Filter>Source Files\engine</Filter>
    </ClCompile>
    <ClCompile Include="RenderManager.cpp">
      <Filter>Source Files</Filter>
    </ClCompile>
    <ClCompile Include="ResourceManager.cpp">
      <Filter>Source Files</Filter>
    </ClCompile>
    <ClCompile Include="Logging.cpp">
      <Filter>Source Files</Filter>
    </ClCompile>
    <ClCompile Include="ConsolePanel.cpp">
      <Filter>Source Files\panels</Filter>
    </ClCompile>
    <ClCompile Include="DebugPanel.cpp">
      <Filter>Source Files\panels</Filter>
    </ClCompile>
    <ClCompile Include="PropertiesPanel.cpp">
      <Filter>Source Files\panels</Filter>
    </ClCompile>
    <ClCompile Include="PanelManager.cpp">
      <Filter>Source Files\panels</Filter>
    </ClCompile>
    <ClCompile Include="ToolsPanel.cpp">
      <Filter>Source Files\panels</Filter>
    </ClCompile>
  </ItemGroup>
  <ItemGroup>
    <ClInclude Include="MapGeometryLoader.h">
      <Filter>Header Files</Filter>
    </ClInclude>
    <ClInclude Include="ApplicationConfig.h">
      <Filter>Header Files</Filter>
    </ClInclude>
    <ClInclude Include="resource.h">
      <Filter>Header Files</Filter>
    </ClInclude>
    <ClInclude Include="ChunkyTriMesh.h">
      <Filter>Header Files</Filter>
    </ClInclude>
    <ClInclude Include="InputGeom.h">
      <Filter>Header Files</Filter>
    </ClInclude>
    <ClInclude Include="Application.h">
      <Filter>Header Files</Filter>
    </ClInclude>
    <ClInclude Include="ZonePicker.h">
      <Filter>Header Files</Filter>
    </ClInclude>
    <ClInclude Include="pch.h">
      <Filter>Header Files</Filter>
    </ClInclude>
    <ClInclude Include="OffMeshConnectionTool.h">
      <Filter>Header Files\tools</Filter>
    </ClInclude>
    <ClInclude Include="NavMeshPruneTool.h">
      <Filter>Header Files\tools</Filter>
    </ClInclude>
    <ClInclude Include="NavMeshTesterTool.h">
      <Filter>Header Files\tools</Filter>
    </ClInclude>
    <ClInclude Include="NavMeshTileTool.h">
      <Filter>Header Files\tools</Filter>
    </ClInclude>
    <ClInclude Include="NavMeshTool.h">
      <Filter>Header Files\tools</Filter>
    </ClInclude>
    <ClInclude Include="ConvexVolumeTool.h">
      <Filter>Header Files\tools</Filter>
    </ClInclude>
    <ClInclude Include="WaypointsTool.h">
      <Filter>Header Files\tools</Filter>
    </ClInclude>
    <ClInclude Include="ImGuiWidgets.h">
      <Filter>Header Files</Filter>
    </ClInclude>
    <ClInclude Include="NavMeshInfoTool.h">
      <Filter>Header Files\tools</Filter>
    </ClInclude>
    <ClInclude Include="imgui\imgui_impl_bgfx.h">
      <Filter>Header Files\imgui</Filter>
    </ClInclude>
    <ClInclude Include="imgui\imgui_impl_sdl2.h">
      <Filter>Header Files\imgui</Filter>
    </ClInclude>
    <ClInclude Include="imgui\imgui_impl.h">
      <Filter>Header Files\imgui</Filter>
    </ClInclude>
    <ClInclude Include="imgui\fs_imgui_image.bin.h">
      <Filter>Header Files\imgui</Filter>
    </ClInclude>
    <ClInclude Include="imgui\vs_imgui.bin.h">
      <Filter>Header Files\imgui</Filter>
    </ClInclude>
    <ClInclude Include="imgui\vs_imgui_image.bin.h">
      <Filter>Header Files\imgui</Filter>
    </ClInclude>
    <ClInclude Include="imgui\fs_imgui.bin.h">
      <Filter>Header Files\imgui</Filter>
    </ClInclude>
    <ClInclude Include="Camera.h">
      <Filter>Header Files</Filter>
    </ClInclude>
    <ClInclude Include="ZoneRenderManager.h">
      <Filter>Header Files</Filter>
    </ClInclude>
    <ClInclude Include="..\dependencies\im3d\im3d.h">
      <Filter>Header Files\engine\im3d</Filter>
    </ClInclude>
    <ClInclude Include="..\dependencies\im3d\im3d_config.h">
      <Filter>Header Files\engine\im3d</Filter>
    </ClInclude>
    <ClInclude Include="..\dependencies\im3d\im3d_math.h">
      <Filter>Header Files\engine\im3d</Filter>
    </ClInclude>
    <ClInclude Include="RenderManager.h">
      <Filter>Header Files</Filter>
    </ClInclude>
    <ClInclude Include="ResourceManager.h">
      <Filter>Header Files</Filter>
    </ClInclude>
    <ClInclude Include="Logging.h">
      <Filter>Header Files</Filter>
    </ClInclude>
    <ClInclude Include="Hash.h">
      <Filter>Header Files</Filter>
    </ClInclude>
    <ClInclude Include="DebugPanel.h">
      <Filter>Header Files\panels</Filter>
    </ClInclude>
    <ClInclude Include="PanelManager.h">
      <Filter>Header Files\panels</Filter>
    </ClInclude>
    <ClInclude Include="PropertiesPanel.h">
      <Filter>Header Files\panels</Filter>
    </ClInclude>
    <ClInclude Include="ConsolePanel.h">
      <Filter>Header Files\panels</Filter>
    </ClInclude>
    <ClInclude Include="ToolsPanel.h">
      <Filter>Header Files\panels</Filter>
    </ClInclude>
    <ClInclude Include="imgui\scoped_helpers.h">
      <Filter>Header Files\imgui</Filter>
    </ClInclude>
    <ClInclude Include="RecastContext.h">
      <Filter>Header Files</Filter>
    </ClInclude>
    <ClInclude Include="imgui\imgui_utilities.h">
      <Filter>Header Files\imgui</Filter>
    </ClInclude>
  </ItemGroup>
  <ItemGroup>
    <Natvis Include="meshgen.natvis">
      <Filter>Resource Files</Filter>
    </Natvis>
  </ItemGroup>
  <ItemGroup>
    <Image Include="MeshGenerator.ico">
      <Filter>Resource Files</Filter>
    </Image>
  </ItemGroup>
  <ItemGroup>
    <ResourceCompile Include="MeshGenerator.rc">
      <Filter>Resource Files</Filter>
    </ResourceCompile>
  </ItemGroup>
  <ItemGroup>
    <Text Include="vcpkg_mq.txt">
      <Filter>Resource Files</Filter>
    </Text>
  </ItemGroup>
  <ItemGroup>
    <None Include="engine\common.sh">
      <Filter>Resource Files\engine</Filter>
    </None>
    <None Include="engine\shaderlib.sh">
      <Filter>Resource Files\engine</Filter>
    </None>
    <None Include="engine\debugdraw\vs_debugdraw_lines.sc">
      <Filter>Resource Files\engine\debugdraw</Filter>
    </None>
    <None Include="engine\debugdraw\vs_debugdraw_lines_stipple.sc">
      <Filter>Resource Files\engine\debugdraw</Filter>
    </None>
    <None Include="engine\debugdraw\fs_debugdraw_fill.sc">
      <Filter>Resource Files\engine\debugdraw</Filter>
    </None>
    <None Include="engine\debugdraw\fs_debugdraw_fill_lit.sc">
      <Filter>Resource Files\engine\debugdraw</Filter>
    </None>
    <None Include="engine\debugdraw\fs_debugdraw_fill_texture.sc">
      <Filter>Resource Files\engine\debugdraw</Filter>
    </None>
    <None Include="engine\debugdraw\fs_debugdraw_lines.sc">
      <Filter>Resource Files\engine\debugdraw</Filter>
    </None>
    <None Include="engine\debugdraw\fs_debugdraw_lines_stipple.sc">
      <Filter>Resource Files\engine\debugdraw</Filter>
    </None>
    <None Include="engine\debugdraw\varying.def.sc">
      <Filter>Resource Files\engine\debugdraw</Filter>
    </None>
    <None Include="engine\debugdraw\vs_debugdraw_fill.sc">
      <Filter>Resource Files\engine\debugdraw</Filter>
    </None>
    <None Include="engine\debugdraw\vs_debugdraw_fill_lit.sc">
      <Filter>Resource Files\engine\debugdraw</Filter>
    </None>
    <None Include="engine\debugdraw\vs_debugdraw_fill_lit_mesh.sc">
      <Filter>Resource Files\engine\debugdraw</Filter>
    </None>
    <None Include="engine\debugdraw\vs_debugdraw_fill_mesh.sc">
      <Filter>Resource Files\engine\debugdraw</Filter>
    </None>
    <None Include="engine\debugdraw\vs_debugdraw_fill_texture.sc">
      <Filter>Resource Files\engine\debugdraw</Filter>
    </None>
    <None Include="imgui\vs_imgui_image.sc">
      <Filter>Resource Files\engine\imgui</Filter>
    </None>
    <None Include="imgui\fs_imgui.sc">
      <Filter>Resource Files\engine\imgui</Filter>
    </None>
    <None Include="imgui\fs_imgui_image.sc">
      <Filter>Resource Files\engine\imgui</Filter>
    </None>
    <None Include="imgui\vs_imgui.sc">
      <Filter>Resource Files\engine\imgui</Filter>
    </None>
  </ItemGroup>
</Project>