<?xml version="1.0" encoding="utf-8"?>
<Project ToolsVersion="4.0" xmlns="http://schemas.microsoft.com/developer/msbuild/2003">
  <ItemGroup>
    <Filter Include="Source Files">
      <UniqueIdentifier>{4FC737F1-C7A5-4376-A066-2A32D752A2FF}</UniqueIdentifier>
      <Extensions>cpp;c;cc;cxx;def;odl;idl;hpj;bat;asm;asmx</Extensions>
    </Filter>
    <Filter Include="Header Files">
      <UniqueIdentifier>{93995380-89BD-4b04-88EB-625FBE52EBFB}</UniqueIdentifier>
      <Extensions>h;hh;hpp;hxx;hm;inl;inc;xsd</Extensions>
    </Filter>
    <Filter Include="Resource Files">
      <UniqueIdentifier>{224f9baf-4d1f-4823-8c71-af835270db6c}</UniqueIdentifier>
    </Filter>
    <Filter Include="Source Files\tools">
      <UniqueIdentifier>{02752c63-281e-4bbe-a4e2-723ce5ccbf3e}</UniqueIdentifier>
    </Filter>
    <Filter Include="Header Files\tools">
      <UniqueIdentifier>{62139e4e-bb4f-4a57-854f-cdaa0242f277}</UniqueIdentifier>
    </Filter>
    <Filter Include="Source Files\engine">
      <UniqueIdentifier>{770c3172-8e5c-47ed-b0ed-f14a39530381}</UniqueIdentifier>
    </Filter>
    <Filter Include="Source Files\engine\debugdraw">
      <UniqueIdentifier>{da8b3d14-202f-485b-b969-e2e8900ed24f}</UniqueIdentifier>
    </Filter>
    <Filter Include="Header Files\engine">
      <UniqueIdentifier>{6ab7d524-d9d6-4638-b9b4-a2006f19b9eb}</UniqueIdentifier>
    </Filter>
    <Filter Include="Header Files\engine\debugdraw">
      <UniqueIdentifier>{eecdf7b3-cedd-488d-a9b1-887aa8cc226f}</UniqueIdentifier>
    </Filter>
    <Filter Include="Resource Files\engine">
      <UniqueIdentifier>{66217644-198f-4383-988e-cd4d4c4ff525}</UniqueIdentifier>
    </Filter>
    <Filter Include="Resource Files\engine\debugdraw">
      <UniqueIdentifier>{0ba75b6f-dcc0-4e8a-bd68-1eb04fc90fce}</UniqueIdentifier>
    </Filter>
    <Filter Include="Resource Files\engine\imgui">
      <UniqueIdentifier>{3aa5e8f3-e718-4a39-ad21-33387e1d68a0}</UniqueIdentifier>
    </Filter>
    <Filter Include="Source Files\dependencies">
      <UniqueIdentifier>{49c3732e-edff-40f0-bfd6-9af5d42aa05c}</UniqueIdentifier>
    </Filter>
    <Filter Include="Source Files\dependencies\meshoptimizer">
      <UniqueIdentifier>{b4f8de48-61cb-45a6-9d87-462721afb721}</UniqueIdentifier>
    </Filter>
    <Filter Include="Header Files\imgui">
      <UniqueIdentifier>{d9404a80-c59f-4597-9ae1-7b5536629b16}</UniqueIdentifier>
    </Filter>
    <Filter Include="Source Files\imgui">
      <UniqueIdentifier>{40fdafbd-1cca-46f5-a4da-ed0bf65c0638}</UniqueIdentifier>
    </Filter>
  </ItemGroup>
  <ItemGroup>
    <ClCompile Include="pch.cpp">
      <Filter>Source Files</Filter>
    </ClCompile>
    <ClCompile Include="MapGeometryLoader.cpp">
      <Filter>Source Files</Filter>
    </ClCompile>
    <ClCompile Include="EQConfig.cpp">
      <Filter>Source Files</Filter>
    </ClCompile>
    <ClCompile Include="ChunkyTriMesh.cpp">
      <Filter>Source Files</Filter>
    </ClCompile>
    <ClCompile Include="InputGeom.cpp">
      <Filter>Source Files</Filter>
    </ClCompile>
    <ClCompile Include="Application.cpp">
      <Filter>Source Files</Filter>
    </ClCompile>
    <ClCompile Include="Main.cpp">
      <Filter>Source Files</Filter>
    </ClCompile>
    <ClCompile Include="ZonePicker.cpp">
      <Filter>Source Files</Filter>
    </ClCompile>
    <ClCompile Include="ConvexVolumeTool.cpp">
      <Filter>Source Files\tools</Filter>
    </ClCompile>
    <ClCompile Include="NavMeshPruneTool.cpp">
      <Filter>Source Files\tools</Filter>
    </ClCompile>
    <ClCompile Include="NavMeshTesterTool.cpp">
      <Filter>Source Files\tools</Filter>
    </ClCompile>
    <ClCompile Include="NavMeshTileTool.cpp">
      <Filter>Source Files\tools</Filter>
    </ClCompile>
    <ClCompile Include="NavMeshTool.cpp">
      <Filter>Source Files\tools</Filter>
    </ClCompile>
    <ClCompile Include="OffMeshConnectionTool.cpp">
      <Filter>Source Files\tools</Filter>
    </ClCompile>
    <ClCompile Include="WaypointsTool.cpp">
      <Filter>Source Files\tools</Filter>
    </ClCompile>
    <ClCompile Include="ImGuiWidgets.cpp">
      <Filter>Source Files</Filter>
    </ClCompile>
    <ClCompile Include="NavMeshInfoTool.cpp">
      <Filter>Source Files\tools</Filter>
    </ClCompile>
    <ClCompile Include="engine\bgfx_utils.cpp">
      <Filter>Source Files\engine</Filter>
    </ClCompile>
    <ClCompile Include="engine\debugdraw\debugdraw.cpp">
      <Filter>Source Files\engine\debugdraw</Filter>
    </ClCompile>
    <ClCompile Include="..\dependencies\meshoptimizer\indexgenerator.cpp">
      <Filter>Source Files\dependencies\meshoptimizer</Filter>
    </ClCompile>
    <ClCompile Include="..\dependencies\meshoptimizer\overdrawanalyzer.cpp">
      <Filter>Source Files\dependencies\meshoptimizer</Filter>
    </ClCompile>
    <ClCompile Include="..\dependencies\meshoptimizer\overdrawoptimizer.cpp">
      <Filter>Source Files\dependencies\meshoptimizer</Filter>
    </ClCompile>
    <ClCompile Include="..\dependencies\meshoptimizer\quantization.cpp">
      <Filter>Source Files\dependencies\meshoptimizer</Filter>
    </ClCompile>
    <ClCompile Include="..\dependencies\meshoptimizer\simplifier.cpp">
      <Filter>Source Files\dependencies\meshoptimizer</Filter>
    </ClCompile>
    <ClCompile Include="..\dependencies\meshoptimizer\spatialorder.cpp">
      <Filter>Source Files\dependencies\meshoptimizer</Filter>
    </ClCompile>
    <ClCompile Include="..\dependencies\meshoptimizer\stripifier.cpp">
      <Filter>Source Files\dependencies\meshoptimizer</Filter>
    </ClCompile>
    <ClCompile Include="..\dependencies\meshoptimizer\vcacheanalyzer.cpp">
      <Filter>Source Files\dependencies\meshoptimizer</Filter>
    </ClCompile>
    <ClCompile Include="..\dependencies\meshoptimizer\vcacheoptimizer.cpp">
      <Filter>Source Files\dependencies\meshoptimizer</Filter>
    </ClCompile>
    <ClCompile Include="..\dependencies\meshoptimizer\vertexcodec.cpp">
      <Filter>Source Files\dependencies\meshoptimizer</Filter>
    </ClCompile>
    <ClCompile Include="..\dependencies\meshoptimizer\vertexfilter.cpp">
      <Filter>Source Files\dependencies\meshoptimizer</Filter>
    </ClCompile>
    <ClCompile Include="..\dependencies\meshoptimizer\vfetchanalyzer.cpp">
      <Filter>Source Files\dependencies\meshoptimizer</Filter>
    </ClCompile>
    <ClCompile Include="..\dependencies\meshoptimizer\vfetchoptimizer.cpp">
      <Filter>Source Files\dependencies\meshoptimizer</Filter>
    </ClCompile>
    <ClCompile Include="..\dependencies\meshoptimizer\allocator.cpp">
      <Filter>Source Files\dependencies\meshoptimizer</Filter>
    </ClCompile>
    <ClCompile Include="..\dependencies\meshoptimizer\clusterizer.cpp">
      <Filter>Source Files\dependencies\meshoptimizer</Filter>
    </ClCompile>
    <ClCompile Include="..\dependencies\meshoptimizer\indexcodec.cpp">
      <Filter>Source Files\dependencies\meshoptimizer</Filter>
    </ClCompile>
    <ClCompile Include="imgui\imgui_impl_bgfx.cpp">
      <Filter>Source Files\imgui</Filter>
    </ClCompile>
    <ClCompile Include="imgui\imgui_impl_sdl2.cpp">
      <Filter>Source Files\imgui</Filter>
    </ClCompile>
    <ClCompile Include="imgui\imgui_impl.cpp">
      <Filter>Source Files\imgui</Filter>
    </ClCompile>
    <ClCompile Include="Camera.cpp">
      <Filter>Source Files</Filter>
    </ClCompile>
    <ClCompile Include="ZoneRenderManager.cpp">
      <Filter>Source Files</Filter>
    </ClCompile>
  </ItemGroup>
  <ItemGroup>
    <ClInclude Include="MapGeometryLoader.h">
      <Filter>Header Files</Filter>
    </ClInclude>
    <ClInclude Include="EQConfig.h">
      <Filter>Header Files</Filter>
    </ClInclude>
    <ClInclude Include="resource.h">
      <Filter>Header Files</Filter>
    </ClInclude>
    <ClInclude Include="ChunkyTriMesh.h">
      <Filter>Header Files</Filter>
    </ClInclude>
    <ClInclude Include="InputGeom.h">
      <Filter>Header Files</Filter>
    </ClInclude>
    <ClInclude Include="Application.h">
      <Filter>Header Files</Filter>
    </ClInclude>
    <ClInclude Include="ZonePicker.h">
      <Filter>Header Files</Filter>
    </ClInclude>
    <ClInclude Include="pch.h">
      <Filter>Header Files</Filter>
    </ClInclude>
    <ClInclude Include="OffMeshConnectionTool.h">
      <Filter>Header Files\tools</Filter>
    </ClInclude>
    <ClInclude Include="NavMeshPruneTool.h">
      <Filter>Header Files\tools</Filter>
    </ClInclude>
    <ClInclude Include="NavMeshTesterTool.h">
      <Filter>Header Files\tools</Filter>
    </ClInclude>
    <ClInclude Include="NavMeshTileTool.h">
      <Filter>Header Files\tools</Filter>
    </ClInclude>
    <ClInclude Include="NavMeshTool.h">
      <Filter>Header Files\tools</Filter>
    </ClInclude>
    <ClInclude Include="ConvexVolumeTool.h">
      <Filter>Header Files\tools</Filter>
    </ClInclude>
    <ClInclude Include="WaypointsTool.h">
      <Filter>Header Files\tools</Filter>
    </ClInclude>
    <ClInclude Include="ImGuiWidgets.h">
      <Filter>Header Files</Filter>
    </ClInclude>
    <ClInclude Include="NavMeshInfoTool.h">
      <Filter>Header Files\tools</Filter>
    </ClInclude>
    <ClInclude Include="engine\debugdraw\fs_debugdraw_fill.bin.h">
      <Filter>Header Files\engine\debugdraw</Filter>
    </ClInclude>
    <ClInclude Include="engine\debugdraw\fs_debugdraw_fill_lit.bin.h">
      <Filter>Header Files\engine\debugdraw</Filter>
    </ClInclude>
    <ClInclude Include="engine\debugdraw\fs_debugdraw_fill_texture.bin.h">
      <Filter>Header Files\engine\debugdraw</Filter>
    </ClInclude>
    <ClInclude Include="engine\debugdraw\fs_debugdraw_lines.bin.h">
      <Filter>Header Files\engine\debugdraw</Filter>
    </ClInclude>
    <ClInclude Include="engine\debugdraw\fs_debugdraw_lines_stipple.bin.h">
      <Filter>Header Files\engine\debugdraw</Filter>
    </ClInclude>
    <ClInclude Include="engine\debugdraw\debugdraw.h">
      <Filter>Header Files\engine\debugdraw</Filter>
    </ClInclude>
    <ClInclude Include="engine\debugdraw\vs_debugdraw_fill.bin.h">
      <Filter>Header Files\engine\debugdraw</Filter>
    </ClInclude>
    <ClInclude Include="engine\debugdraw\vs_debugdraw_fill_lit.bin.h">
      <Filter>Header Files\engine\debugdraw</Filter>
    </ClInclude>
    <ClInclude Include="engine\debugdraw\vs_debugdraw_fill_lit_mesh.bin.h">
      <Filter>Header Files\engine\debugdraw</Filter>
    </ClInclude>
    <ClInclude Include="engine\debugdraw\vs_debugdraw_fill_mesh.bin.h">
      <Filter>Header Files\engine\debugdraw</Filter>
    </ClInclude>
    <ClInclude Include="engine\debugdraw\vs_debugdraw_fill_texture.bin.h">
      <Filter>Header Files\engine\debugdraw</Filter>
    </ClInclude>
    <ClInclude Include="engine\debugdraw\vs_debugdraw_lines.bin.h">
      <Filter>Header Files\engine\debugdraw</Filter>
    </ClInclude>
    <ClInclude Include="engine\debugdraw\vs_debugdraw_lines_stipple.bin.h">
      <Filter>Header Files\engine\debugdraw</Filter>
    </ClInclude>
    <ClInclude Include="engine\bgfx_utils.h">
      <Filter>Header Files\engine</Filter>
    </ClInclude>
    <ClInclude Include="engine\packrect.h">
      <Filter>Header Files\engine</Filter>
    </ClInclude>
    <ClInclude Include="engine\embedded_shader.h">
      <Filter>Header Files\engine</Filter>
    </ClInclude>
    <ClInclude Include="imgui\imgui_impl_bgfx.h">
      <Filter>Header Files\imgui</Filter>
    </ClInclude>
    <ClInclude Include="imgui\imgui_impl_sdl2.h">
      <Filter>Header Files\imgui</Filter>
    </ClInclude>
    <ClInclude Include="imgui\imgui_impl.h">
      <Filter>Header Files\imgui</Filter>
    </ClInclude>
    <ClInclude Include="imgui\fs_imgui_image.bin.h">
      <Filter>Header Files\imgui</Filter>
    </ClInclude>
    <ClInclude Include="imgui\vs_imgui.bin.h">
      <Filter>Header Files\imgui</Filter>
    </ClInclude>
    <ClInclude Include="imgui\vs_imgui_image.bin.h">
      <Filter>Header Files\imgui</Filter>
    </ClInclude>
    <ClInclude Include="imgui\fs_imgui.bin.h">
      <Filter>Header Files\imgui</Filter>
    </ClInclude>
    <ClInclude Include="Camera.h">
      <Filter>Header Files</Filter>
    </ClInclude>
    <ClInclude Include="ZoneRenderManager.h">
      <Filter>Header Files</Filter>
    </ClInclude>
  </ItemGroup>
  <ItemGroup>
    <Natvis Include="meshgen.natvis">
      <Filter>Resource Files</Filter>
    </Natvis>
  </ItemGroup>
  <ItemGroup>
    <Image Include="MeshGenerator.ico">
      <Filter>Resource Files</Filter>
    </Image>
  </ItemGroup>
  <ItemGroup>
    <ResourceCompile Include="MeshGenerator.rc">
      <Filter>Resource Files</Filter>
    </ResourceCompile>
  </ItemGroup>
  <ItemGroup>
    <Text Include="vcpkg_mq.txt">
      <Filter>Resource Files</Filter>
    </Text>
  </ItemGroup>
  <ItemGroup>
    <None Include="engine\common.sh">
      <Filter>Resource Files\engine</Filter>
    </None>
    <None Include="engine\shaderlib.sh">
      <Filter>Resource Files\engine</Filter>
    </None>
    <None Include="engine\debugdraw\vs_debugdraw_lines.sc">
      <Filter>Resource Files\engine\debugdraw</Filter>
    </None>
    <None Include="engine\debugdraw\vs_debugdraw_lines_stipple.sc">
      <Filter>Resource Files\engine\debugdraw</Filter>
    </None>
    <None Include="engine\debugdraw\fs_debugdraw_fill.sc">
      <Filter>Resource Files\engine\debugdraw</Filter>
    </None>
    <None Include="engine\debugdraw\fs_debugdraw_fill_lit.sc">
      <Filter>Resource Files\engine\debugdraw</Filter>
    </None>
    <None Include="engine\debugdraw\fs_debugdraw_fill_texture.sc">
      <Filter>Resource Files\engine\debugdraw</Filter>
    </None>
    <None Include="engine\debugdraw\fs_debugdraw_lines.sc">
      <Filter>Resource Files\engine\debugdraw</Filter>
    </None>
    <None Include="engine\debugdraw\fs_debugdraw_lines_stipple.sc">
      <Filter>Resource Files\engine\debugdraw</Filter>
    </None>
    <None Include="engine\debugdraw\varying.def.sc">
      <Filter>Resource Files\engine\debugdraw</Filter>
    </None>
    <None Include="engine\debugdraw\vs_debugdraw_fill.sc">
      <Filter>Resource Files\engine\debugdraw</Filter>
    </None>
    <None Include="engine\debugdraw\vs_debugdraw_fill_lit.sc">
      <Filter>Resource Files\engine\debugdraw</Filter>
    </None>
    <None Include="engine\debugdraw\vs_debugdraw_fill_lit_mesh.sc">
      <Filter>Resource Files\engine\debugdraw</Filter>
    </None>
    <None Include="engine\debugdraw\vs_debugdraw_fill_mesh.sc">
      <Filter>Resource Files\engine\debugdraw</Filter>
    </None>
    <None Include="engine\debugdraw\vs_debugdraw_fill_texture.sc">
      <Filter>Resource Files\engine\debugdraw</Filter>
    </None>
    <None Include="imgui\vs_imgui_image.sc">
      <Filter>Resource Files\engine\imgui</Filter>
    </None>
    <None Include="imgui\fs_imgui.sc">
      <Filter>Resource Files\engine\imgui</Filter>
    </None>
    <None Include="imgui\fs_imgui_image.sc">
      <Filter>Resource Files\engine\imgui</Filter>
    </None>
    <None Include="imgui\vs_imgui.sc">
      <Filter>Resource Files\engine\imgui</Filter>
    </None>
  </ItemGroup>
</Project>